// !$*UTF8*$!
{
	archiveVersion = 1;
	classes = {
	};
	objectVersion = 45;
	objects = {

/* Begin PBXBuildFile section */
		1D60589F0D05DD5A006BFB54 /* Foundation.framework in Frameworks */ = {isa = PBXBuildFile; fileRef = 1D30AB110D05D00D00671497 /* Foundation.framework */; };
		1DF5F4E00D08C38300B7A737 /* UIKit.framework in Frameworks */ = {isa = PBXBuildFile; fileRef = 1DF5F4DF0D08C38300B7A737 /* UIKit.framework */; settings = {ATTRIBUTES = (Weak, ); }; };
		2434D66F12B59F32007B8A13 /* ResetPasswordViewController.m in Sources */ = {isa = PBXBuildFile; fileRef = 2434D66E12B59F32007B8A13 /* ResetPasswordViewController.m */; };
		2434D67112B59F56007B8A13 /* ResetPasswordView.xib in Resources */ = {isa = PBXBuildFile; fileRef = 2434D67012B59F56007B8A13 /* ResetPasswordView.xib */; };
		2434D6E512B5A8CA007B8A13 /* libSystem.B.dylib in Frameworks */ = {isa = PBXBuildFile; fileRef = 2434D6E412B5A8CA007B8A13 /* libSystem.B.dylib */; settings = {ATTRIBUTES = (Weak, ); }; };
		248921C6128ED28700DC9712 /* APIServices.m in Sources */ = {isa = PBXBuildFile; fileRef = 248921C5128ED28700DC9712 /* APIServices.m */; };
		248921CB128EDE0200DC9712 /* APIServices+Utils.m in Sources */ = {isa = PBXBuildFile; fileRef = 248921C8128EDE0200DC9712 /* APIServices+Utils.m */; };
		248921CC128EDE0200DC9712 /* APIServices+Parsing.m in Sources */ = {isa = PBXBuildFile; fileRef = 248921CA128EDE0200DC9712 /* APIServices+Parsing.m */; };
		248921D4128EE15E00DC9712 /* MainWindow.xib in Resources */ = {isa = PBXBuildFile; fileRef = 248921D3128EE15E00DC9712 /* MainWindow.xib */; };
		248921D9128EE18000DC9712 /* LoginView.xib in Resources */ = {isa = PBXBuildFile; fileRef = 248921D7128EE18000DC9712 /* LoginView.xib */; };
		248921DE128EE1C100DC9712 /* RegisterView.xib in Resources */ = {isa = PBXBuildFile; fileRef = 248921DC128EE1C100DC9712 /* RegisterView.xib */; };
		248921ED128EE27500DC9712 /* SettingsView.xib in Resources */ = {isa = PBXBuildFile; fileRef = 248921EC128EE27500DC9712 /* SettingsView.xib */; };
		24892202128EE67500DC9712 /* MapKit.framework in Frameworks */ = {isa = PBXBuildFile; fileRef = 24892201128EE67500DC9712 /* MapKit.framework */; settings = {ATTRIBUTES = (Required, ); }; };
		2489C9CD12BDEB1E00C1A58A /* Group.m in Sources */ = {isa = PBXBuildFile; fileRef = 2489C9CC12BDEB1E00C1A58A /* Group.m */; };
		2489CA0612BDF05800C1A58A /* GroupsViewController.m in Sources */ = {isa = PBXBuildFile; fileRef = 2489CA0512BDF05800C1A58A /* GroupsViewController.m */; };
		2489CA0912BDF08400C1A58A /* GroupsDataSource.m in Sources */ = {isa = PBXBuildFile; fileRef = 2489CA0812BDF08400C1A58A /* GroupsDataSource.m */; };
		2489CA0B12BDF09D00C1A58A /* GroupsView.xib in Resources */ = {isa = PBXBuildFile; fileRef = 2489CA0A12BDF09D00C1A58A /* GroupsView.xib */; };
		2489CA7612BDFCC500C1A58A /* Task.m in Sources */ = {isa = PBXBuildFile; fileRef = 2489CA7512BDFCC500C1A58A /* Task.m */; };
		2489CAA412BE10E300C1A58A /* TasksDataSource.m in Sources */ = {isa = PBXBuildFile; fileRef = 2489CAA312BE10E300C1A58A /* TasksDataSource.m */; };
		2489CAC412BE185000C1A58A /* CTXDOCell.m in Sources */ = {isa = PBXBuildFile; fileRef = 2489CAC312BE185000C1A58A /* CTXDOCell.m */; };
		2489CADB12BE1D5E00C1A58A /* TasksViewController.m in Sources */ = {isa = PBXBuildFile; fileRef = 2489CADA12BE1D5E00C1A58A /* TasksViewController.m */; };
		2489CADD12BE1D6700C1A58A /* TasksView.xib in Resources */ = {isa = PBXBuildFile; fileRef = 2489CADC12BE1D6700C1A58A /* TasksView.xib */; };
		2489CDFF12BED64B00C1A58A /* GroupEditionViewController.m in Sources */ = {isa = PBXBuildFile; fileRef = 2489CDFD12BED64B00C1A58A /* GroupEditionViewController.m */; };
		2489CE0012BED64B00C1A58A /* GroupEditionView.xib in Resources */ = {isa = PBXBuildFile; fileRef = 2489CDFE12BED64B00C1A58A /* GroupEditionView.xib */; };
		2489CE5E12BF1EB300C1A58A /* Settings.bundle in Resources */ = {isa = PBXBuildFile; fileRef = 2489CE5D12BF1EB300C1A58A /* Settings.bundle */; };
		2892E4100DC94CBA00A64D0F /* CoreGraphics.framework in Frameworks */ = {isa = PBXBuildFile; fileRef = 2892E40F0DC94CBA00A64D0F /* CoreGraphics.framework */; };
		3A034962125C5D1600F49FA6 /* RegisterViewController.m in Sources */ = {isa = PBXBuildFile; fileRef = 3A034961125C5D1600F49FA6 /* RegisterViewController.m */; };
		3A034A68125C751600F49FA6 /* LoginViewController.m in Sources */ = {isa = PBXBuildFile; fileRef = 3A034A67125C751600F49FA6 /* LoginViewController.m */; };
		3A034D4B125D62DD00F49FA6 /* SettingsViewController.m in Sources */ = {isa = PBXBuildFile; fileRef = 3A034D4A125D62DD00F49FA6 /* SettingsViewController.m */; };
		3A035469125FFFBB00F49FA6 /* Entitlements.plist in Resources */ = {isa = PBXBuildFile; fileRef = 3A035468125FFFBB00F49FA6 /* Entitlements.plist */; };
		3A57000F11FFB24F00248D1D /* AppDelegate.m in Sources */ = {isa = PBXBuildFile; fileRef = 3A57FFA211FFB24F00248D1D /* AppDelegate.m */; };
		3A57001011FFB24F00248D1D /* main.m in Sources */ = {isa = PBXBuildFile; fileRef = 3A57FFA311FFB24F00248D1D /* main.m */; };
		3A57006511FFB58400248D1D /* CFNetwork.framework in Frameworks */ = {isa = PBXBuildFile; fileRef = 3A57006411FFB58400248D1D /* CFNetwork.framework */; };
		3A57FE2411FFB1F300248D1D /* AddressBook.framework in Frameworks */ = {isa = PBXBuildFile; fileRef = 3A57FE2311FFB1F300248D1D /* AddressBook.framework */; };
		3A57FE2611FFB1F300248D1D /* AddressBookUI.framework in Frameworks */ = {isa = PBXBuildFile; fileRef = 3A57FE2511FFB1F300248D1D /* AddressBookUI.framework */; };
		3A57FE2811FFB1F300248D1D /* CoreFoundation.framework in Frameworks */ = {isa = PBXBuildFile; fileRef = 3A57FE2711FFB1F300248D1D /* CoreFoundation.framework */; };
		3A57FE2A11FFB1F300248D1D /* CoreLocation.framework in Frameworks */ = {isa = PBXBuildFile; fileRef = 3A57FE2911FFB1F300248D1D /* CoreLocation.framework */; };
		3A57FE2E11FFB1F300248D1D /* MobileCoreServices.framework in Frameworks */ = {isa = PBXBuildFile; fileRef = 3A57FE2D11FFB1F300248D1D /* MobileCoreServices.framework */; };
		3A57FE3011FFB1F300248D1D /* QuartzCore.framework in Frameworks */ = {isa = PBXBuildFile; fileRef = 3A57FE2F11FFB1F300248D1D /* QuartzCore.framework */; };
		3A57FE3211FFB1F300248D1D /* Security.framework in Frameworks */ = {isa = PBXBuildFile; fileRef = 3A57FE3111FFB1F300248D1D /* Security.framework */; };
		3A57FE3411FFB1F300248D1D /* SystemConfiguration.framework in Frameworks */ = {isa = PBXBuildFile; fileRef = 3A57FE3311FFB1F300248D1D /* SystemConfiguration.framework */; };
		3A57FE3611FFB1F300248D1D /* libz.1.2.3.dylib in Frameworks */ = {isa = PBXBuildFile; fileRef = 3A57FE3511FFB1F300248D1D /* libz.1.2.3.dylib */; };
/* End PBXBuildFile section */

/* Begin PBXFileReference section */
		1D30AB110D05D00D00671497 /* Foundation.framework */ = {isa = PBXFileReference; lastKnownFileType = wrapper.framework; name = Foundation.framework; path = System/Library/Frameworks/Foundation.framework; sourceTree = SDKROOT; };
		1D6058910D05DD3D006BFB54 /* ContextDo.app */ = {isa = PBXFileReference; explicitFileType = wrapper.application; includeInIndex = 0; path = ContextDo.app; sourceTree = BUILT_PRODUCTS_DIR; };
		1DF5F4DF0D08C38300B7A737 /* UIKit.framework */ = {isa = PBXFileReference; lastKnownFileType = wrapper.framework; name = UIKit.framework; path = System/Library/Frameworks/UIKit.framework; sourceTree = SDKROOT; };
		2434D66D12B59F32007B8A13 /* ResetPasswordViewController.h */ = {isa = PBXFileReference; fileEncoding = 4; lastKnownFileType = sourcecode.c.h; path = ResetPasswordViewController.h; sourceTree = "<group>"; };
		2434D66E12B59F32007B8A13 /* ResetPasswordViewController.m */ = {isa = PBXFileReference; fileEncoding = 4; lastKnownFileType = sourcecode.c.objc; path = ResetPasswordViewController.m; sourceTree = "<group>"; };
		2434D67012B59F56007B8A13 /* ResetPasswordView.xib */ = {isa = PBXFileReference; lastKnownFileType = file.xib; path = ResetPasswordView.xib; sourceTree = "<group>"; };
		2434D6E412B5A8CA007B8A13 /* libSystem.B.dylib */ = {isa = PBXFileReference; lastKnownFileType = "compiled.mach-o.dylib"; name = libSystem.B.dylib; path = usr/lib/libSystem.B.dylib; sourceTree = SDKROOT; };
		248921C4128ED28700DC9712 /* APIServices.h */ = {isa = PBXFileReference; fileEncoding = 4; lastKnownFileType = sourcecode.c.h; path = APIServices.h; sourceTree = "<group>"; };
		248921C5128ED28700DC9712 /* APIServices.m */ = {isa = PBXFileReference; fileEncoding = 4; lastKnownFileType = sourcecode.c.objc; path = APIServices.m; sourceTree = "<group>"; };
		248921C7128EDE0200DC9712 /* APIServices+Utils.h */ = {isa = PBXFileReference; fileEncoding = 4; lastKnownFileType = sourcecode.c.h; path = "APIServices+Utils.h"; sourceTree = "<group>"; };
		248921C8128EDE0200DC9712 /* APIServices+Utils.m */ = {isa = PBXFileReference; fileEncoding = 4; lastKnownFileType = sourcecode.c.objc; path = "APIServices+Utils.m"; sourceTree = "<group>"; };
		248921C9128EDE0200DC9712 /* APIServices+Parsing.h */ = {isa = PBXFileReference; fileEncoding = 4; lastKnownFileType = sourcecode.c.h; path = "APIServices+Parsing.h"; sourceTree = "<group>"; };
		248921CA128EDE0200DC9712 /* APIServices+Parsing.m */ = {isa = PBXFileReference; fileEncoding = 4; lastKnownFileType = sourcecode.c.objc; path = "APIServices+Parsing.m"; sourceTree = "<group>"; };
		248921D3128EE15E00DC9712 /* MainWindow.xib */ = {isa = PBXFileReference; lastKnownFileType = file.xib; name = MainWindow.xib; path = Views/MainWindow.xib; sourceTree = "<group>"; };
		248921D7128EE18000DC9712 /* LoginView.xib */ = {isa = PBXFileReference; lastKnownFileType = file.xib; path = LoginView.xib; sourceTree = "<group>"; };
		248921DC128EE1C100DC9712 /* RegisterView.xib */ = {isa = PBXFileReference; lastKnownFileType = file.xib; path = RegisterView.xib; sourceTree = "<group>"; };
		248921EC128EE27500DC9712 /* SettingsView.xib */ = {isa = PBXFileReference; lastKnownFileType = file.xib; path = SettingsView.xib; sourceTree = "<group>"; };
		24892201128EE67500DC9712 /* MapKit.framework */ = {isa = PBXFileReference; lastKnownFileType = wrapper.framework; name = MapKit.framework; path = System/Library/Frameworks/MapKit.framework; sourceTree = SDKROOT; };
		2489C9CB12BDEB1E00C1A58A /* Group.h */ = {isa = PBXFileReference; fileEncoding = 4; lastKnownFileType = sourcecode.c.h; path = Group.h; sourceTree = "<group>"; };
		2489C9CC12BDEB1E00C1A58A /* Group.m */ = {isa = PBXFileReference; fileEncoding = 4; lastKnownFileType = sourcecode.c.objc; path = Group.m; sourceTree = "<group>"; };
		2489CA0412BDF05800C1A58A /* GroupsViewController.h */ = {isa = PBXFileReference; fileEncoding = 4; lastKnownFileType = sourcecode.c.h; path = GroupsViewController.h; sourceTree = "<group>"; };
		2489CA0512BDF05800C1A58A /* GroupsViewController.m */ = {isa = PBXFileReference; fileEncoding = 4; lastKnownFileType = sourcecode.c.objc; path = GroupsViewController.m; sourceTree = "<group>"; };
		2489CA0712BDF08400C1A58A /* GroupsDataSource.h */ = {isa = PBXFileReference; fileEncoding = 4; lastKnownFileType = sourcecode.c.h; path = GroupsDataSource.h; sourceTree = "<group>"; };
		2489CA0812BDF08400C1A58A /* GroupsDataSource.m */ = {isa = PBXFileReference; fileEncoding = 4; lastKnownFileType = sourcecode.c.objc; path = GroupsDataSource.m; sourceTree = "<group>"; };
		2489CA0A12BDF09D00C1A58A /* GroupsView.xib */ = {isa = PBXFileReference; lastKnownFileType = file.xib; path = GroupsView.xib; sourceTree = "<group>"; };
		2489CA7412BDFCC500C1A58A /* Task.h */ = {isa = PBXFileReference; fileEncoding = 4; lastKnownFileType = sourcecode.c.h; path = Task.h; sourceTree = "<group>"; };
		2489CA7512BDFCC500C1A58A /* Task.m */ = {isa = PBXFileReference; fileEncoding = 4; lastKnownFileType = sourcecode.c.objc; path = Task.m; sourceTree = "<group>"; };
		2489CAA212BE10E300C1A58A /* TasksDataSource.h */ = {isa = PBXFileReference; fileEncoding = 4; lastKnownFileType = sourcecode.c.h; path = TasksDataSource.h; sourceTree = "<group>"; };
		2489CAA312BE10E300C1A58A /* TasksDataSource.m */ = {isa = PBXFileReference; fileEncoding = 4; lastKnownFileType = sourcecode.c.objc; path = TasksDataSource.m; sourceTree = "<group>"; };
		2489CAC212BE185000C1A58A /* CTXDOCell.h */ = {isa = PBXFileReference; fileEncoding = 4; lastKnownFileType = sourcecode.c.h; path = CTXDOCell.h; sourceTree = "<group>"; };
		2489CAC312BE185000C1A58A /* CTXDOCell.m */ = {isa = PBXFileReference; fileEncoding = 4; lastKnownFileType = sourcecode.c.objc; path = CTXDOCell.m; sourceTree = "<group>"; };
		2489CAD912BE1D5E00C1A58A /* TasksViewController.h */ = {isa = PBXFileReference; fileEncoding = 4; lastKnownFileType = sourcecode.c.h; path = TasksViewController.h; sourceTree = "<group>"; };
		2489CADA12BE1D5E00C1A58A /* TasksViewController.m */ = {isa = PBXFileReference; fileEncoding = 4; lastKnownFileType = sourcecode.c.objc; path = TasksViewController.m; sourceTree = "<group>"; };
		2489CADC12BE1D6700C1A58A /* TasksView.xib */ = {isa = PBXFileReference; lastKnownFileType = file.xib; path = TasksView.xib; sourceTree = "<group>"; };
		2489CDFC12BED64B00C1A58A /* GroupEditionViewController.h */ = {isa = PBXFileReference; fileEncoding = 4; lastKnownFileType = sourcecode.c.h; path = GroupEditionViewController.h; sourceTree = "<group>"; };
		2489CDFD12BED64B00C1A58A /* GroupEditionViewController.m */ = {isa = PBXFileReference; fileEncoding = 4; lastKnownFileType = sourcecode.c.objc; path = GroupEditionViewController.m; sourceTree = "<group>"; };
		2489CDFE12BED64B00C1A58A /* GroupEditionView.xib */ = {isa = PBXFileReference; lastKnownFileType = file.xib; path = GroupEditionView.xib; sourceTree = "<group>"; };
		2489CE5D12BF1EB300C1A58A /* Settings.bundle */ = {isa = PBXFileReference; lastKnownFileType = "wrapper.plug-in"; path = Settings.bundle; sourceTree = "<group>"; };
		2892E40F0DC94CBA00A64D0F /* CoreGraphics.framework */ = {isa = PBXFileReference; lastKnownFileType = wrapper.framework; name = CoreGraphics.framework; path = System/Library/Frameworks/CoreGraphics.framework; sourceTree = SDKROOT; };
		3A034960125C5D1600F49FA6 /* RegisterViewController.h */ = {isa = PBXFileReference; fileEncoding = 4; lastKnownFileType = sourcecode.c.h; path = RegisterViewController.h; sourceTree = "<group>"; };
		3A034961125C5D1600F49FA6 /* RegisterViewController.m */ = {isa = PBXFileReference; fileEncoding = 4; lastKnownFileType = sourcecode.c.objc; path = RegisterViewController.m; sourceTree = "<group>"; };
		3A034A66125C751600F49FA6 /* LoginViewController.h */ = {isa = PBXFileReference; fileEncoding = 4; lastKnownFileType = sourcecode.c.h; path = LoginViewController.h; sourceTree = "<group>"; };
		3A034A67125C751600F49FA6 /* LoginViewController.m */ = {isa = PBXFileReference; fileEncoding = 4; lastKnownFileType = sourcecode.c.objc; path = LoginViewController.m; sourceTree = "<group>"; };
		3A034D49125D62DD00F49FA6 /* SettingsViewController.h */ = {isa = PBXFileReference; fileEncoding = 4; lastKnownFileType = sourcecode.c.h; path = SettingsViewController.h; sourceTree = "<group>"; };
		3A034D4A125D62DD00F49FA6 /* SettingsViewController.m */ = {isa = PBXFileReference; fileEncoding = 4; lastKnownFileType = sourcecode.c.objc; path = SettingsViewController.m; sourceTree = "<group>"; };
		3A035468125FFFBB00F49FA6 /* Entitlements.plist */ = {isa = PBXFileReference; fileEncoding = 4; lastKnownFileType = text.plist.xml; path = Entitlements.plist; sourceTree = "<group>"; };
		3A57002C11FFB2A500248D1D /* Define.h */ = {isa = PBXFileReference; fileEncoding = 4; lastKnownFileType = sourcecode.c.h; path = Define.h; sourceTree = "<group>"; };
		3A57006411FFB58400248D1D /* CFNetwork.framework */ = {isa = PBXFileReference; lastKnownFileType = wrapper.framework; name = CFNetwork.framework; path = System/Library/Frameworks/CFNetwork.framework; sourceTree = SDKROOT; };
		3A57FE2311FFB1F300248D1D /* AddressBook.framework */ = {isa = PBXFileReference; lastKnownFileType = wrapper.framework; name = AddressBook.framework; path = System/Library/Frameworks/AddressBook.framework; sourceTree = SDKROOT; };
		3A57FE2511FFB1F300248D1D /* AddressBookUI.framework */ = {isa = PBXFileReference; lastKnownFileType = wrapper.framework; name = AddressBookUI.framework; path = System/Library/Frameworks/AddressBookUI.framework; sourceTree = SDKROOT; };
		3A57FE2711FFB1F300248D1D /* CoreFoundation.framework */ = {isa = PBXFileReference; lastKnownFileType = wrapper.framework; name = CoreFoundation.framework; path = System/Library/Frameworks/CoreFoundation.framework; sourceTree = SDKROOT; };
		3A57FE2911FFB1F300248D1D /* CoreLocation.framework */ = {isa = PBXFileReference; lastKnownFileType = wrapper.framework; name = CoreLocation.framework; path = System/Library/Frameworks/CoreLocation.framework; sourceTree = SDKROOT; };
		3A57FE2D11FFB1F300248D1D /* MobileCoreServices.framework */ = {isa = PBXFileReference; lastKnownFileType = wrapper.framework; name = MobileCoreServices.framework; path = System/Library/Frameworks/MobileCoreServices.framework; sourceTree = SDKROOT; };
		3A57FE2F11FFB1F300248D1D /* QuartzCore.framework */ = {isa = PBXFileReference; lastKnownFileType = wrapper.framework; name = QuartzCore.framework; path = System/Library/Frameworks/QuartzCore.framework; sourceTree = SDKROOT; };
		3A57FE3111FFB1F300248D1D /* Security.framework */ = {isa = PBXFileReference; lastKnownFileType = wrapper.framework; name = Security.framework; path = System/Library/Frameworks/Security.framework; sourceTree = SDKROOT; };
		3A57FE3311FFB1F300248D1D /* SystemConfiguration.framework */ = {isa = PBXFileReference; lastKnownFileType = wrapper.framework; name = SystemConfiguration.framework; path = System/Library/Frameworks/SystemConfiguration.framework; sourceTree = SDKROOT; };
		3A57FE3511FFB1F300248D1D /* libz.1.2.3.dylib */ = {isa = PBXFileReference; lastKnownFileType = "compiled.mach-o.dylib"; name = libz.1.2.3.dylib; path = usr/lib/libz.1.2.3.dylib; sourceTree = SDKROOT; };
		3A57FED511FFB24F00248D1D /* Info.plist */ = {isa = PBXFileReference; fileEncoding = 4; lastKnownFileType = text.plist.xml; path = Info.plist; sourceTree = "<group>"; };
		3A57FFA111FFB24F00248D1D /* AppDelegate.h */ = {isa = PBXFileReference; fileEncoding = 4; lastKnownFileType = sourcecode.c.h; path = AppDelegate.h; sourceTree = "<group>"; };
		3A57FFA211FFB24F00248D1D /* AppDelegate.m */ = {isa = PBXFileReference; fileEncoding = 4; lastKnownFileType = sourcecode.c.objc; path = AppDelegate.m; sourceTree = "<group>"; };
		3A57FFA311FFB24F00248D1D /* main.m */ = {isa = PBXFileReference; fileEncoding = 4; lastKnownFileType = sourcecode.c.objc; path = main.m; sourceTree = "<group>"; };
		3A57FFA511FFB24F00248D1D /* Prefix.pch */ = {isa = PBXFileReference; fileEncoding = 4; lastKnownFileType = sourcecode.c.h; path = Prefix.pch; sourceTree = "<group>"; };
/* End PBXFileReference section */

/* Begin PBXFrameworksBuildPhase section */
		1D60588F0D05DD3D006BFB54 /* Frameworks */ = {
			isa = PBXFrameworksBuildPhase;
			buildActionMask = 2147483647;
			files = (
				1D60589F0D05DD5A006BFB54 /* Foundation.framework in Frameworks */,
				1DF5F4E00D08C38300B7A737 /* UIKit.framework in Frameworks */,
				2892E4100DC94CBA00A64D0F /* CoreGraphics.framework in Frameworks */,
				3A57FE2411FFB1F300248D1D /* AddressBook.framework in Frameworks */,
				3A57FE2611FFB1F300248D1D /* AddressBookUI.framework in Frameworks */,
				3A57FE2811FFB1F300248D1D /* CoreFoundation.framework in Frameworks */,
				3A57FE2A11FFB1F300248D1D /* CoreLocation.framework in Frameworks */,
				3A57FE2E11FFB1F300248D1D /* MobileCoreServices.framework in Frameworks */,
				3A57FE3011FFB1F300248D1D /* QuartzCore.framework in Frameworks */,
				3A57FE3211FFB1F300248D1D /* Security.framework in Frameworks */,
				3A57FE3411FFB1F300248D1D /* SystemConfiguration.framework in Frameworks */,
				3A57FE3611FFB1F300248D1D /* libz.1.2.3.dylib in Frameworks */,
				3A57006511FFB58400248D1D /* CFNetwork.framework in Frameworks */,
				24892202128EE67500DC9712 /* MapKit.framework in Frameworks */,
				2434D6E512B5A8CA007B8A13 /* libSystem.B.dylib in Frameworks */,
			);
			runOnlyForDeploymentPostprocessing = 0;
		};
/* End PBXFrameworksBuildPhase section */

/* Begin PBXGroup section */
		19C28FACFE9D520D11CA2CBB /* Products */ = {
			isa = PBXGroup;
			children = (
				1D6058910D05DD3D006BFB54 /* ContextDo.app */,
			);
			name = Products;
			sourceTree = "<group>";
		};
		2434D66512B59EAC007B8A13 /* Reset */ = {
			isa = PBXGroup;
			children = (
				2434D66D12B59F32007B8A13 /* ResetPasswordViewController.h */,
				2434D66E12B59F32007B8A13 /* ResetPasswordViewController.m */,
				2434D67012B59F56007B8A13 /* ResetPasswordView.xib */,
			);
			name = Reset;
			sourceTree = "<group>";
		};
		248921C3128ED27000DC9712 /* API */ = {
			isa = PBXGroup;
			children = (
				248921C4128ED28700DC9712 /* APIServices.h */,
				248921C5128ED28700DC9712 /* APIServices.m */,
				248921C7128EDE0200DC9712 /* APIServices+Utils.h */,
				248921C8128EDE0200DC9712 /* APIServices+Utils.m */,
				248921C9128EDE0200DC9712 /* APIServices+Parsing.h */,
				248921CA128EDE0200DC9712 /* APIServices+Parsing.m */,
			);
			name = API;
			sourceTree = "<group>";
		};
		2489CA0312BDF04000C1A58A /* Groups */ = {
			isa = PBXGroup;
			children = (
				2489CA0712BDF08400C1A58A /* GroupsDataSource.h */,
				2489CA0812BDF08400C1A58A /* GroupsDataSource.m */,
				2489CA0412BDF05800C1A58A /* GroupsViewController.h */,
				2489CA0512BDF05800C1A58A /* GroupsViewController.m */,
				2489CA0A12BDF09D00C1A58A /* GroupsView.xib */,
			);
			name = Groups;
			sourceTree = "<group>";
		};
		2489CAA112BE102F00C1A58A /* Tasks */ = {
			isa = PBXGroup;
			children = (
				2489CAA212BE10E300C1A58A /* TasksDataSource.h */,
				2489CAA312BE10E300C1A58A /* TasksDataSource.m */,
				2489CAD912BE1D5E00C1A58A /* TasksViewController.h */,
				2489CADA12BE1D5E00C1A58A /* TasksViewController.m */,
				2489CADC12BE1D6700C1A58A /* TasksView.xib */,
			);
			name = Tasks;
			sourceTree = "<group>";
		};
		2489CAC512BE185400C1A58A /* Cells */ = {
			isa = PBXGroup;
			children = (
				2489CAC212BE185000C1A58A /* CTXDOCell.h */,
				2489CAC312BE185000C1A58A /* CTXDOCell.m */,
			);
			name = Cells;
			sourceTree = "<group>";
		};
		2489CDF912BED62D00C1A58A /* Group */ = {
			isa = PBXGroup;
			children = (
				2489CDFC12BED64B00C1A58A /* GroupEditionViewController.h */,
				2489CDFD12BED64B00C1A58A /* GroupEditionViewController.m */,
				2489CDFE12BED64B00C1A58A /* GroupEditionView.xib */,
			);
			name = Group;
			sourceTree = "<group>";
		};
		24ADA8C412C84C97000BE62C /* Task */ = {
			isa = PBXGroup;
			children = (
			);
			name = Task;
			sourceTree = "<group>";
		};
		29B97314FDCFA39411CA2CEA /* CustomTemplate */ = {
			isa = PBXGroup;
			children = (
				3A57FEDC11FFB24F00248D1D /* Source */,
				3A57FED411FFB24F00248D1D /* Resources */,
				29B97323FDCFA39411CA2CEA /* Frameworks */,
				19C28FACFE9D520D11CA2CBB /* Products */,
				2434D6E412B5A8CA007B8A13 /* libSystem.B.dylib */,
			);
			name = CustomTemplate;
			sourceTree = "<group>";
		};
		29B97323FDCFA39411CA2CEA /* Frameworks */ = {
			isa = PBXGroup;
			children = (
				3A57006411FFB58400248D1D /* CFNetwork.framework */,
				3A57FE2311FFB1F300248D1D /* AddressBook.framework */,
				3A57FE2511FFB1F300248D1D /* AddressBookUI.framework */,
				3A57FE2711FFB1F300248D1D /* CoreFoundation.framework */,
				3A57FE2911FFB1F300248D1D /* CoreLocation.framework */,
				3A57FE2D11FFB1F300248D1D /* MobileCoreServices.framework */,
				3A57FE2F11FFB1F300248D1D /* QuartzCore.framework */,
				3A57FE3111FFB1F300248D1D /* Security.framework */,
				3A57FE3311FFB1F300248D1D /* SystemConfiguration.framework */,
				3A57FE3511FFB1F300248D1D /* libz.1.2.3.dylib */,
				1DF5F4DF0D08C38300B7A737 /* UIKit.framework */,
				1D30AB110D05D00D00671497 /* Foundation.framework */,
				2892E40F0DC94CBA00A64D0F /* CoreGraphics.framework */,
				24892201128EE67500DC9712 /* MapKit.framework */,
			);
			name = Frameworks;
			sourceTree = "<group>";
		};
		3A034905125C4A2D00F49FA6 /* Register */ = {
			isa = PBXGroup;
			children = (
				3A034960125C5D1600F49FA6 /* RegisterViewController.h */,
				3A034961125C5D1600F49FA6 /* RegisterViewController.m */,
				248921DC128EE1C100DC9712 /* RegisterView.xib */,
			);
			name = Register;
			sourceTree = "<group>";
		};
		3A034906125C4A3B00F49FA6 /* Login */ = {
			isa = PBXGroup;
			children = (
				3A034A66125C751600F49FA6 /* LoginViewController.h */,
				3A034A67125C751600F49FA6 /* LoginViewController.m */,
				248921D7128EE18000DC9712 /* LoginView.xib */,
			);
			name = Login;
			sourceTree = "<group>";
		};
		3A034D43125D629A00F49FA6 /* Settings */ = {
			isa = PBXGroup;
			children = (
				3A034D49125D62DD00F49FA6 /* SettingsViewController.h */,
				3A034D4A125D62DD00F49FA6 /* SettingsViewController.m */,
				248921EC128EE27500DC9712 /* SettingsView.xib */,
			);
			name = Settings;
			sourceTree = "<group>";
		};
		3A57002D11FFB2AC00248D1D /* Other */ = {
			isa = PBXGroup;
			children = (
				3A57FFA311FFB24F00248D1D /* main.m */,
				3A57FFA511FFB24F00248D1D /* Prefix.pch */,
			);
			name = Other;
			path = Main;
			sourceTree = "<group>";
		};
		3A57FED411FFB24F00248D1D /* Resources */ = {
			isa = PBXGroup;
			children = (
				3A57FED811FFB24F00248D1D /* Images */,
				3A57FED511FFB24F00248D1D /* Info.plist */,
				3A035468125FFFBB00F49FA6 /* Entitlements.plist */,
				2489CE5D12BF1EB300C1A58A /* Settings.bundle */,
			);
			path = Resources;
			sourceTree = "<group>";
		};
		3A57FED811FFB24F00248D1D /* Images */ = {
			isa = PBXGroup;
			children = (
			);
			path = Images;
			sourceTree = "<group>";
		};
		3A57FEDC11FFB24F00248D1D /* Source */ = {
			isa = PBXGroup;
			children = (
				3A57FEDD11FFB24F00248D1D /* External */,
				3A57FFA011FFB24F00248D1D /* Main */,
				3A57002D11FFB2AC00248D1D /* Other */,
			);
			path = Source;
			sourceTree = "<group>";
		};
		3A57FEDD11FFB24F00248D1D /* External */ = {
			isa = PBXGroup;
			children = (
			);
			path = External;
			sourceTree = "<group>";
		};
		3A57FFA011FFB24F00248D1D /* Main */ = {
			isa = PBXGroup;
			children = (
				3A57002C11FFB2A500248D1D /* Define.h */,
				3A57FFA111FFB24F00248D1D /* AppDelegate.h */,
				3A57FFA211FFB24F00248D1D /* AppDelegate.m */,
				248921D3128EE15E00DC9712 /* MainWindow.xib */,
				3A57FFA411FFB24F00248D1D /* Models */,
				3A57FFA611FFB24F00248D1D /* Services */,
				3A57FFA811FFB24F00248D1D /* Views */,
			);
			path = Main;
			sourceTree = "<group>";
		};
		3A57FFA411FFB24F00248D1D /* Models */ = {
			isa = PBXGroup;
			children = (
				2489C9CB12BDEB1E00C1A58A /* Group.h */,
				2489C9CC12BDEB1E00C1A58A /* Group.m */,
				2489CA7412BDFCC500C1A58A /* Task.h */,
				2489CA7512BDFCC500C1A58A /* Task.m */,
			);
			path = Models;
			sourceTree = "<group>";
		};
		3A57FFA611FFB24F00248D1D /* Services */ = {
			isa = PBXGroup;
			children = (
				248921C3128ED27000DC9712 /* API */,
			);
			path = Services;
			sourceTree = "<group>";
		};
		3A57FFA811FFB24F00248D1D /* Views */ = {
			isa = PBXGroup;
			children = (
				2489CAC512BE185400C1A58A /* Cells */,
				3A034906125C4A3B00F49FA6 /* Login */,
				3A034905125C4A2D00F49FA6 /* Register */,
				2434D66512B59EAC007B8A13 /* Reset */,
				3A034D43125D629A00F49FA6 /* Settings */,
				2489CA0312BDF04000C1A58A /* Groups */,
				2489CDF912BED62D00C1A58A /* Group */,
				2489CAA112BE102F00C1A58A /* Tasks */,
				24ADA8C412C84C97000BE62C /* Task */,
			);
			path = Views;
			sourceTree = "<group>";
		};
/* End PBXGroup section */

/* Begin PBXNativeTarget section */
		1D6058900D05DD3D006BFB54 /* ContextDo */ = {
			isa = PBXNativeTarget;
			buildConfigurationList = 1D6058960D05DD3E006BFB54 /* Build configuration list for PBXNativeTarget "ContextDo" */;
			buildPhases = (
				1D60588D0D05DD3D006BFB54 /* Resources */,
				1D60588E0D05DD3D006BFB54 /* Sources */,
				1D60588F0D05DD3D006BFB54 /* Frameworks */,
			);
			buildRules = (
			);
			dependencies = (
			);
			name = ContextDo;
			productName = Envision;
			productReference = 1D6058910D05DD3D006BFB54 /* ContextDo.app */;
			productType = "com.apple.product-type.application";
		};
/* End PBXNativeTarget section */

/* Begin PBXProject section */
		29B97313FDCFA39411CA2CEA /* Project object */ = {
			isa = PBXProject;
			buildConfigurationList = C01FCF4E08A954540054247B /* Build configuration list for PBXProject "ContextDo" */;
			compatibilityVersion = "Xcode 3.1";
			developmentRegion = English;
			hasScannedForEncodings = 1;
			knownRegions = (
				English,
				Japanese,
				French,
				German,
				en,
			);
			mainGroup = 29B97314FDCFA39411CA2CEA /* CustomTemplate */;
			projectDirPath = "";
			projectRoot = "";
			targets = (
				1D6058900D05DD3D006BFB54 /* ContextDo */,
			);
		};
/* End PBXProject section */

/* Begin PBXResourcesBuildPhase section */
		1D60588D0D05DD3D006BFB54 /* Resources */ = {
			isa = PBXResourcesBuildPhase;
			buildActionMask = 2147483647;
			files = (
				3A035469125FFFBB00F49FA6 /* Entitlements.plist in Resources */,
				248921D4128EE15E00DC9712 /* MainWindow.xib in Resources */,
				248921D9128EE18000DC9712 /* LoginView.xib in Resources */,
				248921DE128EE1C100DC9712 /* RegisterView.xib in Resources */,
				248921ED128EE27500DC9712 /* SettingsView.xib in Resources */,
				2434D67112B59F56007B8A13 /* ResetPasswordView.xib in Resources */,
				2489CA0B12BDF09D00C1A58A /* GroupsView.xib in Resources */,
				2489CADD12BE1D6700C1A58A /* TasksView.xib in Resources */,
				2489CE0012BED64B00C1A58A /* GroupEditionView.xib in Resources */,
				2489CE5E12BF1EB300C1A58A /* Settings.bundle in Resources */,
			);
			runOnlyForDeploymentPostprocessing = 0;
		};
/* End PBXResourcesBuildPhase section */

/* Begin PBXSourcesBuildPhase section */
		1D60588E0D05DD3D006BFB54 /* Sources */ = {
			isa = PBXSourcesBuildPhase;
			buildActionMask = 2147483647;
			files = (
				3A57000F11FFB24F00248D1D /* AppDelegate.m in Sources */,
				3A57001011FFB24F00248D1D /* main.m in Sources */,
				3A034962125C5D1600F49FA6 /* RegisterViewController.m in Sources */,
				3A034A68125C751600F49FA6 /* LoginViewController.m in Sources */,
				3A034D4B125D62DD00F49FA6 /* SettingsViewController.m in Sources */,
				248921C6128ED28700DC9712 /* APIServices.m in Sources */,
				248921CB128EDE0200DC9712 /* APIServices+Utils.m in Sources */,
				248921CC128EDE0200DC9712 /* APIServices+Parsing.m in Sources */,
				2434D66F12B59F32007B8A13 /* ResetPasswordViewController.m in Sources */,
				2489C9CD12BDEB1E00C1A58A /* Group.m in Sources */,
				2489CA0612BDF05800C1A58A /* GroupsViewController.m in Sources */,
				2489CA0912BDF08400C1A58A /* GroupsDataSource.m in Sources */,
				2489CA7612BDFCC500C1A58A /* Task.m in Sources */,
				2489CAA412BE10E300C1A58A /* TasksDataSource.m in Sources */,
				2489CAC412BE185000C1A58A /* CTXDOCell.m in Sources */,
				2489CADB12BE1D5E00C1A58A /* TasksViewController.m in Sources */,
				2489CDFF12BED64B00C1A58A /* GroupEditionViewController.m in Sources */,
			);
			runOnlyForDeploymentPostprocessing = 0;
		};
/* End PBXSourcesBuildPhase section */

/* Begin XCBuildConfiguration section */
		1D6058940D05DD3E006BFB54 /* Debug */ = {
			isa = XCBuildConfiguration;
			buildSettings = {
				ALWAYS_SEARCH_USER_PATHS = NO;
				COPY_PHASE_STRIP = NO;
				FRAMEWORK_SEARCH_PATHS = (
					"$(inherited)",
					"\"$(SRCROOT)/Source/External/asihttprequest/External/GHUnit/Examples/MyTestable-IPhone/Libraries\"",
					"\"$(SRCROOT)/Source/External/asihttprequest/External/GHUnit/Examples/MyTestable-MacOSX/Frameworks\"",
					"\"$(SRCROOT)/Source/External/asihttprequest/External/GHUnit/Libraries-MaxOSX/BWToolkit.ibplugin/Contents/Frameworks\"",
					"\"$(SRCROOT)/Source/External/asihttprequest/External/GHUnit/Project/Plugins/BWToolkitForLeopard.ibplugin/Contents/Frameworks\"",
					"\"$(SRCROOT)/Source/External/asihttprequest/External/GHUnit/Project/Plugins/BWToolkitForSnowLeopard.ibplugin/Contents/Frameworks\"",
				);
				GCC_DYNAMIC_NO_PIC = NO;
				GCC_OPTIMIZATION_LEVEL = 0;
				GCC_PRECOMPILE_PREFIX_HEADER = YES;
				GCC_PREFIX_HEADER = "$(SRCROOT)/Source/Main/Prefix.pch";
				GCC_TREAT_WARNINGS_AS_ERRORS = YES;
				GCC_VERSION = com.apple.compilers.llvm.clang.1_0;
				INFOPLIST_FILE = "$(SRCROOT)/Resources/Info.plist";
				LIBRARY_SEARCH_PATHS = (
					"$(inherited)",
					"\"$(SRCROOT)/Source/External/objectivesupport/google_toolbar/TigerGcov\"",
				);
				OTHER_CFLAGS = "-DDEBUG";
				OTHER_LDFLAGS = (
					"-ObjC",
					"-all_load",
				);
				PRODUCT_NAME = ContextDo;
			};
			name = Debug;
		};
		1D6058950D05DD3E006BFB54 /* Release */ = {
			isa = XCBuildConfiguration;
			buildSettings = {
				ALWAYS_SEARCH_USER_PATHS = NO;
				COPY_PHASE_STRIP = YES;
				FRAMEWORK_SEARCH_PATHS = (
					"$(inherited)",
					"\"$(SRCROOT)/Source/External/asihttprequest/External/GHUnit/Examples/MyTestable-IPhone/Libraries\"",
					"\"$(SRCROOT)/Source/External/asihttprequest/External/GHUnit/Examples/MyTestable-MacOSX/Frameworks\"",
					"\"$(SRCROOT)/Source/External/asihttprequest/External/GHUnit/Libraries-MaxOSX/BWToolkit.ibplugin/Contents/Frameworks\"",
					"\"$(SRCROOT)/Source/External/asihttprequest/External/GHUnit/Project/Plugins/BWToolkitForLeopard.ibplugin/Contents/Frameworks\"",
					"\"$(SRCROOT)/Source/External/asihttprequest/External/GHUnit/Project/Plugins/BWToolkitForSnowLeopard.ibplugin/Contents/Frameworks\"",
				);
				GCC_PRECOMPILE_PREFIX_HEADER = YES;
				GCC_PREFIX_HEADER = "$(SRCROOT)/Source/Main/Prefix.pch";
				GCC_TREAT_WARNINGS_AS_ERRORS = YES;
				GCC_VERSION = com.apple.compilers.llvm.clang.1_0;
				INFOPLIST_FILE = "$(SRCROOT)/Resources/Info.plist";
				LIBRARY_SEARCH_PATHS = (
					"$(inherited)",
					"\"$(SRCROOT)/Source/External/objectivesupport/google_toolbar/TigerGcov\"",
				);
				OTHER_LDFLAGS = (
					"-ObjC",
					"-all_load",
				);
				PRODUCT_NAME = ContextDo;
				VALIDATE_PRODUCT = YES;
			};
			name = Release;
		};
		2437C1A312BDA88700F19C04 /* Appstore */ = {
			isa = XCBuildConfiguration;
			buildSettings = {
				ARCHS = "$(ARCHS_STANDARD_32_BIT)";
				"CODE_SIGN_IDENTITY[sdk=iphoneos*]" = "iPhone Distribution: Anthony Mittaz";
				GCC_C_LANGUAGE_STANDARD = c99;
				GCC_TREAT_WARNINGS_AS_ERRORS = YES;
				GCC_VERSION = com.apple.compilers.llvm.clang.1_0;
				GCC_WARN_ABOUT_RETURN_TYPE = YES;
				GCC_WARN_UNUSED_VARIABLE = YES;
				IPHONEOS_DEPLOYMENT_TARGET = 4.0;
				OTHER_CFLAGS = "-DNS_BLOCK_ASSERTIONS=1";
				PREBINDING = NO;
				"PROVISIONING_PROFILE[sdk=iphoneos*]" = "15649FF0-4770-4201-BC50-423DFFE3AF59";
				SDKROOT = iphoneos;
			};
			name = Appstore;
		};
		2437C1A412BDA88700F19C04 /* Appstore */ = {
			isa = XCBuildConfiguration;
			buildSettings = {
				ALWAYS_SEARCH_USER_PATHS = NO;
				COPY_PHASE_STRIP = YES;
				FRAMEWORK_SEARCH_PATHS = (
					"$(inherited)",
					"\"$(SRCROOT)/Source/External/asihttprequest/External/GHUnit/Examples/MyTestable-IPhone/Libraries\"",
					"\"$(SRCROOT)/Source/External/asihttprequest/External/GHUnit/Examples/MyTestable-MacOSX/Frameworks\"",
					"\"$(SRCROOT)/Source/External/asihttprequest/External/GHUnit/Libraries-MaxOSX/BWToolkit.ibplugin/Contents/Frameworks\"",
					"\"$(SRCROOT)/Source/External/asihttprequest/External/GHUnit/Project/Plugins/BWToolkitForLeopard.ibplugin/Contents/Frameworks\"",
					"\"$(SRCROOT)/Source/External/asihttprequest/External/GHUnit/Project/Plugins/BWToolkitForSnowLeopard.ibplugin/Contents/Frameworks\"",
				);
				GCC_PRECOMPILE_PREFIX_HEADER = YES;
				GCC_PREFIX_HEADER = "$(SRCROOT)/Source/Main/Prefix.pch";
				GCC_TREAT_WARNINGS_AS_ERRORS = YES;
				GCC_VERSION = com.apple.compilers.llvm.clang.1_0;
				INFOPLIST_FILE = "$(SRCROOT)/Resources/Info.plist";
				LIBRARY_SEARCH_PATHS = (
					"$(inherited)",
					"\"$(SRCROOT)/Source/External/objectivesupport/google_toolbar/TigerGcov\"",
				);
				OTHER_LDFLAGS = (
					"-ObjC",
					"-all_load",
				);
				PRODUCT_NAME = ContextDo;
				VALIDATE_PRODUCT = YES;
			};
			name = Appstore;
		};
		3A22B47A125BEE0300A3B8C9 /* AdHoc */ = {
			isa = XCBuildConfiguration;
			buildSettings = {
				ARCHS = "$(ARCHS_STANDARD_32_BIT)";
				CODE_SIGN_ENTITLEMENTS = "$(SRCROOT)/Resources/Entitlements.plist";
				"CODE_SIGN_IDENTITY[sdk=iphoneos*]" = "iPhone Distribution: Anthony Mittaz";
				GCC_C_LANGUAGE_STANDARD = c99;
				GCC_TREAT_WARNINGS_AS_ERRORS = YES;
				GCC_VERSION = com.apple.compilers.llvm.clang.1_0;
				GCC_WARN_ABOUT_RETURN_TYPE = YES;
				GCC_WARN_UNUSED_VARIABLE = YES;
				IPHONEOS_DEPLOYMENT_TARGET = 4.0;
				OTHER_CFLAGS = "-DNS_BLOCK_ASSERTIONS=1";
				PREBINDING = NO;
				"PROVISIONING_PROFILE[sdk=iphoneos*]" = "15649FF0-4770-4201-BC50-423DFFE3AF59";
				SDKROOT = iphoneos;
			};
			name = AdHoc;
		};
		3A22B47B125BEE0300A3B8C9 /* AdHoc */ = {
			isa = XCBuildConfiguration;
			buildSettings = {
				ALWAYS_SEARCH_USER_PATHS = NO;
				COPY_PHASE_STRIP = YES;
				FRAMEWORK_SEARCH_PATHS = (
					"$(inherited)",
					"\"$(SRCROOT)/Source/External/asihttprequest/External/GHUnit/Examples/MyTestable-IPhone/Libraries\"",
					"\"$(SRCROOT)/Source/External/asihttprequest/External/GHUnit/Examples/MyTestable-MacOSX/Frameworks\"",
					"\"$(SRCROOT)/Source/External/asihttprequest/External/GHUnit/Libraries-MaxOSX/BWToolkit.ibplugin/Contents/Frameworks\"",
					"\"$(SRCROOT)/Source/External/asihttprequest/External/GHUnit/Project/Plugins/BWToolkitForLeopard.ibplugin/Contents/Frameworks\"",
					"\"$(SRCROOT)/Source/External/asihttprequest/External/GHUnit/Project/Plugins/BWToolkitForSnowLeopard.ibplugin/Contents/Frameworks\"",
				);
				GCC_PRECOMPILE_PREFIX_HEADER = YES;
				GCC_PREFIX_HEADER = "$(SRCROOT)/Source/Main/Prefix.pch";
				GCC_TREAT_WARNINGS_AS_ERRORS = YES;
				GCC_VERSION = com.apple.compilers.llvm.clang.1_0;
				INFOPLIST_FILE = "$(SRCROOT)/Resources/Info.plist";
				LIBRARY_SEARCH_PATHS = (
					"$(inherited)",
					"\"$(SRCROOT)/Source/External/objectivesupport/google_toolbar/TigerGcov\"",
				);
				OTHER_LDFLAGS = (
					"-ObjC",
					"-all_load",
				);
				PRODUCT_NAME = ContextDo;
				VALIDATE_PRODUCT = YES;
			};
			name = AdHoc;
		};
		C01FCF4F08A954540054247B /* Debug */ = {
			isa = XCBuildConfiguration;
			buildSettings = {
				ARCHS = "$(ARCHS_STANDARD_32_BIT)";
				"CODE_SIGN_IDENTITY[sdk=iphoneos*]" = "iPhone Developer: Anthony Mittaz (T9R4YL8G2Q)";
				GCC_C_LANGUAGE_STANDARD = c99;
				GCC_TREAT_WARNINGS_AS_ERRORS = YES;
				GCC_VERSION = com.apple.compilers.llvm.clang.1_0;
				GCC_WARN_ABOUT_RETURN_TYPE = YES;
				GCC_WARN_UNUSED_VARIABLE = YES;
				IPHONEOS_DEPLOYMENT_TARGET = 3.1;
				OTHER_CFLAGS = "";
				PREBINDING = NO;
				"PROVISIONING_PROFILE[sdk=iphoneos*]" = "9A07AA8A-5CB8-4757-BBD6-0A48F5EF0671";
				SDKROOT = iphoneos;
			};
			name = Debug;
		};
		C01FCF5008A954540054247B /* Release */ = {
			isa = XCBuildConfiguration;
			buildSettings = {
				ARCHS = "$(ARCHS_STANDARD_32_BIT)";
				"CODE_SIGN_IDENTITY[sdk=iphoneos*]" = "iPhone Developer: Anthony Mittaz (T9R4YL8G2Q)";
				GCC_C_LANGUAGE_STANDARD = c99;
				GCC_TREAT_WARNINGS_AS_ERRORS = YES;
				GCC_VERSION = com.apple.compilers.llvm.clang.1_0;
				GCC_WARN_ABOUT_RETURN_TYPE = YES;
				GCC_WARN_UNUSED_VARIABLE = YES;
				IPHONEOS_DEPLOYMENT_TARGET = 4.0;
				OTHER_CFLAGS = "-DNS_BLOCK_ASSERTIONS=1";
				PREBINDING = NO;
				"PROVISIONING_PROFILE[sdk=iphoneos*]" = "9A07AA8A-5CB8-4757-BBD6-0A48F5EF0671";
				SDKROOT = iphoneos;
			};
			name = Release;
		};
/* End XCBuildConfiguration section */

/* Begin XCConfigurationList section */
		1D6058960D05DD3E006BFB54 /* Build configuration list for PBXNativeTarget "ContextDo" */ = {
			isa = XCConfigurationList;
			buildConfigurations = (
				1D6058940D05DD3E006BFB54 /* Debug */,
				1D6058950D05DD3E006BFB54 /* Release */,
				3A22B47B125BEE0300A3B8C9 /* AdHoc */,
				2437C1A412BDA88700F19C04 /* Appstore */,
			);
			defaultConfigurationIsVisible = 0;
			defaultConfigurationName = Release;
		};
		C01FCF4E08A954540054247B /* Build configuration list for PBXProject "ContextDo" */ = {
			isa = XCConfigurationList;
			buildConfigurations = (
				C01FCF4F08A954540054247B /* Debug */,
				C01FCF5008A954540054247B /* Release */,
				3A22B47A125BEE0300A3B8C9 /* AdHoc */,
				2437C1A312BDA88700F19C04 /* Appstore */,
			);
			defaultConfigurationIsVisible = 0;
			defaultConfigurationName = Release;
		};
/* End XCConfigurationList section */
	};
	rootObject = 29B97313FDCFA39411CA2CEA /* Project object */;
}
