// !$*UTF8*$!
{
	archiveVersion = 1;
	classes = {
	};
	objectVersion = 45;
	objects = {

/* Begin PBXBuildFile section */
		1D60589F0D05DD5A006BFB54 /* Foundation.framework in Frameworks */ = {isa = PBXBuildFile; fileRef = 1D30AB110D05D00D00671497 /* Foundation.framework */; };
		1DF5F4E00D08C38300B7A737 /* UIKit.framework in Frameworks */ = {isa = PBXBuildFile; fileRef = 1DF5F4DF0D08C38300B7A737 /* UIKit.framework */; settings = {ATTRIBUTES = (Required, ); }; };
		24000E42134C9185002C6601 /* blackArrow.png in Resources */ = {isa = PBXBuildFile; fileRef = 24000E1A134C9180002C6601 /* blackArrow.png */; };
		24000E43134C9185002C6601 /* blackArrow@2x.png in Resources */ = {isa = PBXBuildFile; fileRef = 24000E1B134C9180002C6601 /* blackArrow@2x.png */; };
		24000E44134C9186002C6601 /* blueArrow.png in Resources */ = {isa = PBXBuildFile; fileRef = 24000E1C134C9180002C6601 /* blueArrow.png */; };
		24000E45134C9186002C6601 /* blueArrow@2x.png in Resources */ = {isa = PBXBuildFile; fileRef = 24000E1D134C9180002C6601 /* blueArrow@2x.png */; };
		24000E46134C9186002C6601 /* grayArrow.png in Resources */ = {isa = PBXBuildFile; fileRef = 24000E1E134C9180002C6601 /* grayArrow.png */; };
		24000E47134C9187002C6601 /* grayArrow@2x.png in Resources */ = {isa = PBXBuildFile; fileRef = 24000E1F134C9180002C6601 /* grayArrow@2x.png */; };
		24000E48134C9187002C6601 /* whiteArrow.png in Resources */ = {isa = PBXBuildFile; fileRef = 24000E20134C9180002C6601 /* whiteArrow.png */; };
		24000E49134C9188002C6601 /* whiteArrow@2x.png in Resources */ = {isa = PBXBuildFile; fileRef = 24000E21134C9180002C6601 /* whiteArrow@2x.png */; };
		24000E4A134C9188002C6601 /* FBDialog.bundle in Resources */ = {isa = PBXBuildFile; fileRef = 24000E23134C9180002C6601 /* FBDialog.bundle */; };
		24000E4C134C9189002C6601 /* BaseWebView.xib in Resources */ = {isa = PBXBuildFile; fileRef = 24000E27134C9180002C6601 /* BaseWebView.xib */; };
		24000E4D134C9189002C6601 /* CustomNavigationController.xib in Resources */ = {isa = PBXBuildFile; fileRef = 24000E28134C9180002C6601 /* CustomNavigationController.xib */; };
		24000E4E134C918A002C6601 /* signinBullet1.png in Resources */ = {isa = PBXBuildFile; fileRef = 24000E2A134C9180002C6601 /* signinBullet1.png */; };
		24000E4F134C918A002C6601 /* signinBullet1@2x.png in Resources */ = {isa = PBXBuildFile; fileRef = 24000E2B134C9180002C6601 /* signinBullet1@2x.png */; };
		24000E50134C918A002C6601 /* signinBullet2.png in Resources */ = {isa = PBXBuildFile; fileRef = 24000E2C134C9180002C6601 /* signinBullet2.png */; };
		24000E51134C918B002C6601 /* signinBullet2@2x.png in Resources */ = {isa = PBXBuildFile; fileRef = 24000E2D134C9180002C6601 /* signinBullet2@2x.png */; };
		24000E52134C918B002C6601 /* signinButtonBg.png in Resources */ = {isa = PBXBuildFile; fileRef = 24000E2E134C9180002C6601 /* signinButtonBg.png */; };
		24000E53134C918C002C6601 /* signinButtonBg@2x.png in Resources */ = {isa = PBXBuildFile; fileRef = 24000E2F134C9180002C6601 /* signinButtonBg@2x.png */; };
		24000E54134C918C002C6601 /* signinHello.png in Resources */ = {isa = PBXBuildFile; fileRef = 24000E30134C9180002C6601 /* signinHello.png */; };
		24000E55134C918C002C6601 /* signinHello@2x.png in Resources */ = {isa = PBXBuildFile; fileRef = 24000E31134C9180002C6601 /* signinHello@2x.png */; };
		24000E56134C918D002C6601 /* signinSeparator.png in Resources */ = {isa = PBXBuildFile; fileRef = 24000E32134C9180002C6601 /* signinSeparator.png */; };
		24000E57134C918D002C6601 /* TapkuLibrary.bundle in Resources */ = {isa = PBXBuildFile; fileRef = 24000E34134C9180002C6601 /* TapkuLibrary.bundle */; };
		2426AC3712F9A1CF00969CBB /* iTunesArtwork in Resources */ = {isa = PBXBuildFile; fileRef = 2426AC3612F9A1CF00969CBB /* iTunesArtwork */; };
		242C911612FD097B00F557AA /* Kit.xcconfig in Resources */ = {isa = PBXBuildFile; fileRef = 242C911212FD097B00F557AA /* Kit.xcconfig */; };
		243A35D012E3DC4300A6D402 /* DefaultStyleSheet.m in Sources */ = {isa = PBXBuildFile; fileRef = 243A35CE12E3DC4300A6D402 /* DefaultStyleSheet.m */; };
		243A3C2112E4511500A6D402 /* CTXDOTableHeaderView.m in Sources */ = {isa = PBXBuildFile; fileRef = 243A3C2012E4511500A6D402 /* CTXDOTableHeaderView.m */; };
		243A3D5B12E46A4F00A6D402 /* GroupsCell.m in Sources */ = {isa = PBXBuildFile; fileRef = 243A3D5A12E46A4F00A6D402 /* GroupsCell.m */; };
		243A3DA112E4748B00A6D402 /* CellBackgroundView.m in Sources */ = {isa = PBXBuildFile; fileRef = 243A3DA012E4748B00A6D402 /* CellBackgroundView.m */; };
		243A46AF12E573C100A6D402 /* CTXDOLoginButton.m in Sources */ = {isa = PBXBuildFile; fileRef = 243A46AE12E573C100A6D402 /* CTXDOLoginButton.m */; };
		243A536E12E676B700A6D402 /* TasksContainerViewController.m in Sources */ = {isa = PBXBuildFile; fileRef = 243A536D12E676B700A6D402 /* TasksContainerViewController.m */; };
		243A537412E677F200A6D402 /* TasksContainerView.xib in Resources */ = {isa = PBXBuildFile; fileRef = 243A537312E677F200A6D402 /* TasksContainerView.xib */; };
		2448D18612E82D93005EEEDA /* TaskEditViewController.m in Sources */ = {isa = PBXBuildFile; fileRef = 2448D18512E82D93005EEEDA /* TaskEditViewController.m */; };
		2448D18912E83402005EEEDA /* TaskEditDataSource.m in Sources */ = {isa = PBXBuildFile; fileRef = 2448D18812E83402005EEEDA /* TaskEditDataSource.m */; };
		2448D19012E83B14005EEEDA /* TaskEditCell.m in Sources */ = {isa = PBXBuildFile; fileRef = 2448D18F12E83B14005EEEDA /* TaskEditCell.m */; };
		2448D1D812E856CA005EEEDA /* TaskEditView.xib in Resources */ = {isa = PBXBuildFile; fileRef = 2448D1D712E856CA005EEEDA /* TaskEditView.xib */; };
		2448D55912E8B30D005EEEDA /* TaskDatePickerViewController.m in Sources */ = {isa = PBXBuildFile; fileRef = 2448D55812E8B30D005EEEDA /* TaskDatePickerViewController.m */; };
		2448D55B12E8B32B005EEEDA /* TaskDatePickerView.xib in Resources */ = {isa = PBXBuildFile; fileRef = 2448D55A12E8B32B005EEEDA /* TaskDatePickerView.xib */; };
		2448D55F12E8B756005EEEDA /* TaskDatePickerDataSource.m in Sources */ = {isa = PBXBuildFile; fileRef = 2448D55E12E8B756005EEEDA /* TaskDatePickerDataSource.m */; };
		2448D92A12E954E5005EEEDA /* TaskContactViewController.m in Sources */ = {isa = PBXBuildFile; fileRef = 2448D92912E954E5005EEEDA /* TaskContactViewController.m */; };
		2448D93B12E95999005EEEDA /* TaskContactView.xib in Resources */ = {isa = PBXBuildFile; fileRef = 2448D93A12E95999005EEEDA /* TaskContactView.xib */; };
		2448DA5712E96A35005EEEDA /* TaskContactDataSource.m in Sources */ = {isa = PBXBuildFile; fileRef = 2448DA5512E96A35005EEEDA /* TaskContactDataSource.m */; };
		2448DCA812E9AB64005EEEDA /* TaskLocationViewController.m in Sources */ = {isa = PBXBuildFile; fileRef = 2448DCA712E9AB64005EEEDA /* TaskLocationViewController.m */; };
		2448DCAB12E9AB77005EEEDA /* TaskLocationDataSource.m in Sources */ = {isa = PBXBuildFile; fileRef = 2448DCAA12E9AB77005EEEDA /* TaskLocationDataSource.m */; };
		2448DCAD12E9AB8C005EEEDA /* TaskLocationView.xib in Resources */ = {isa = PBXBuildFile; fileRef = 2448DCAC12E9AB8C005EEEDA /* TaskLocationView.xib */; };
		2456726812EF50450004189D /* CTXDONotificationsServices.m in Sources */ = {isa = PBXBuildFile; fileRef = 2456726712EF50450004189D /* CTXDONotificationsServices.m */; };
		245673C912EFB1EE0004189D /* SettingsCell.m in Sources */ = {isa = PBXBuildFile; fileRef = 245673C812EFB1EE0004189D /* SettingsCell.m */; };
		245673D812EFB4F20004189D /* SettingsDataSource.m in Sources */ = {isa = PBXBuildFile; fileRef = 245673D712EFB4F20004189D /* SettingsDataSource.m */; };
		2456745E12EFBC570004189D /* CTXDOButton.m in Sources */ = {isa = PBXBuildFile; fileRef = 2456745D12EFBC570004189D /* CTXDOButton.m */; };
		245674D312EFC3F40004189D /* CTXDoSlider.m in Sources */ = {isa = PBXBuildFile; fileRef = 245674D212EFC3F40004189D /* CTXDoSlider.m */; };
		2456752D12EFC9630004189D /* SettingsSliderView.m in Sources */ = {isa = PBXBuildFile; fileRef = 2456752C12EFC9630004189D /* SettingsSliderView.m */; };
		245680FF12F072730004189D /* TasksCalendarCell.m in Sources */ = {isa = PBXBuildFile; fileRef = 245680FE12F072730004189D /* TasksCalendarCell.m */; };
		246BA8251352B82E0066AD19 /* DatabaseServices.m in Sources */ = {isa = PBXBuildFile; fileRef = 246BA8241352B82E0066AD19 /* DatabaseServices.m */; };
		246BA8271352BA960066AD19 /* CoreData.framework in Frameworks */ = {isa = PBXBuildFile; fileRef = 246BA8261352BA960066AD19 /* CoreData.framework */; };
		246BA82A1352BED50066AD19 /* Database.xcdatamodeld in Sources */ = {isa = PBXBuildFile; fileRef = 246BA8281352BED40066AD19 /* Database.xcdatamodeld */; };
		246BA82F1352C37E0066AD19 /* _Task.m in Sources */ = {isa = PBXBuildFile; fileRef = 246BA82D1352C37E0066AD19 /* _Task.m */; };
		246BA8331352C3BD0066AD19 /* Task.m in Sources */ = {isa = PBXBuildFile; fileRef = 246BA8311352C3BC0066AD19 /* Task.m */; };
		2481FF5F12FF3E92003EEAB6 /* libKitDeps.a in Frameworks */ = {isa = PBXBuildFile; fileRef = 2481FF5E12FF3E92003EEAB6 /* libKitDeps.a */; };
		2481FF9B12FF477F003EEAB6 /* MapKit.framework in Frameworks */ = {isa = PBXBuildFile; fileRef = 2481FF9A12FF477F003EEAB6 /* MapKit.framework */; };
		2481FFB112FF4874003EEAB6 /* MessageUI.framework in Frameworks */ = {isa = PBXBuildFile; fileRef = 2481FFB012FF4873003EEAB6 /* MessageUI.framework */; };
		248921D4128EE15E00DC9712 /* MainWindow.xib in Resources */ = {isa = PBXBuildFile; fileRef = 248921D3128EE15E00DC9712 /* MainWindow.xib */; };
		248921ED128EE27500DC9712 /* SettingsView.xib in Resources */ = {isa = PBXBuildFile; fileRef = 248921EC128EE27500DC9712 /* SettingsView.xib */; };
		2489CAA412BE10E300C1A58A /* TasksDataSource.m in Sources */ = {isa = PBXBuildFile; fileRef = 2489CAA312BE10E300C1A58A /* TasksDataSource.m */; };
		2489CADB12BE1D5E00C1A58A /* TasksViewController.m in Sources */ = {isa = PBXBuildFile; fileRef = 2489CADA12BE1D5E00C1A58A /* TasksViewController.m */; };
		2489CADD12BE1D6700C1A58A /* TasksView.xib in Resources */ = {isa = PBXBuildFile; fileRef = 2489CADC12BE1D6700C1A58A /* TasksView.xib */; };
		248F21E81353CB2C00D9475C /* TasksScrollContainerViewController.m in Sources */ = {isa = PBXBuildFile; fileRef = 248F21E71353CB2C00D9475C /* TasksScrollContainerViewController.m */; };
		248F21F31353CBBD00D9475C /* ForwardTouchesView.m in Sources */ = {isa = PBXBuildFile; fileRef = 248F21F21353CBBD00D9475C /* ForwardTouchesView.m */; };
		248F21F51353D05C00D9475C /* TasksScrollContainerView.xib in Resources */ = {isa = PBXBuildFile; fileRef = 248F21F41353D05B00D9475C /* TasksScrollContainerView.xib */; };
		2490FD9312E34D2300F56B39 /* titlebar.png in Resources */ = {isa = PBXBuildFile; fileRef = 2490FD9112E34D2300F56B39 /* titlebar.png */; };
		2490FD9412E34D2300F56B39 /* titlebar@2x.png in Resources */ = {isa = PBXBuildFile; fileRef = 2490FD9212E34D2300F56B39 /* titlebar@2x.png */; };
		249113D112EC4D4B009191BA /* CTXDONavigationArrowsControl.m in Sources */ = {isa = PBXBuildFile; fileRef = 249113D012EC4D4B009191BA /* CTXDONavigationArrowsControl.m */; };
		2491212012EDC638009191BA /* TasksMapViewController.m in Sources */ = {isa = PBXBuildFile; fileRef = 2491211F12EDC638009191BA /* TasksMapViewController.m */; };
		2491212212EDC725009191BA /* TasksMapView.xib in Resources */ = {isa = PBXBuildFile; fileRef = 2491212112EDC725009191BA /* TasksMapView.xib */; };
		249121E412EDD957009191BA /* TasksCalendarViewController.m in Sources */ = {isa = PBXBuildFile; fileRef = 249121E312EDD957009191BA /* TasksCalendarViewController.m */; };
		2491256312EE490D009191BA /* TasksCalendarDataSource.m in Sources */ = {isa = PBXBuildFile; fileRef = 2491256212EE490D009191BA /* TasksCalendarDataSource.m */; };
		2491273A12EE647B009191BA /* TaskDetailsView.m in Sources */ = {isa = PBXBuildFile; fileRef = 2491273912EE647B009191BA /* TaskDetailsView.m */; };
		24B04F441302A88E00F27215 /* Icon@2x.png in Resources */ = {isa = PBXBuildFile; fileRef = 24B04F421302A88E00F27215 /* Icon@2x.png */; };
		24B04F451302A88E00F27215 /* Icon.png in Resources */ = {isa = PBXBuildFile; fileRef = 24B04F431302A88E00F27215 /* Icon.png */; };
		24E4496A12EBA54900F08B7E /* TasksUpdatedDataSource.m in Sources */ = {isa = PBXBuildFile; fileRef = 24E4496912EBA54900F08B7E /* TasksUpdatedDataSource.m */; };
		24E4496D12EBA56600F08B7E /* InfoViewController.m in Sources */ = {isa = PBXBuildFile; fileRef = 24E4496C12EBA56600F08B7E /* InfoViewController.m */; };
		24E4497112EBA5A400F08B7E /* InfoView.xib in Resources */ = {isa = PBXBuildFile; fileRef = 24E4497012EBA5A400F08B7E /* InfoView.xib */; };
		24E44A1412EBB58500F08B7E /* TasksInfoCell.m in Sources */ = {isa = PBXBuildFile; fileRef = 24E44A1312EBB58500F08B7E /* TasksInfoCell.m */; };
		24E44BFC12EBD6C500F08B7E /* TaskContainerViewController.m in Sources */ = {isa = PBXBuildFile; fileRef = 24E44BFB12EBD6C500F08B7E /* TaskContainerViewController.m */; };
		24E44C0D12EBD8F700F08B7E /* TaskContainerView.xib in Resources */ = {isa = PBXBuildFile; fileRef = 24E44C0C12EBD8F700F08B7E /* TaskContainerView.xib */; };
		24E44C2412EBDAF500F08B7E /* CTXDOSegmentControl.m in Sources */ = {isa = PBXBuildFile; fileRef = 24E44C2312EBDAF500F08B7E /* CTXDOSegmentControl.m */; };
		24E44F6812EC09C400F08B7E /* TaskScheduleViewController.m in Sources */ = {isa = PBXBuildFile; fileRef = 24E44F6712EC09C400F08B7E /* TaskScheduleViewController.m */; };
		24E44F6A12EC09D200F08B7E /* TaskScheduleView.xib in Resources */ = {isa = PBXBuildFile; fileRef = 24E44F6912EC09D200F08B7E /* TaskScheduleView.xib */; };
		24E44F9C12EC0DB100F08B7E /* TaskDirectionViewController.m in Sources */ = {isa = PBXBuildFile; fileRef = 24E44F9B12EC0DB100F08B7E /* TaskDirectionViewController.m */; };
		24E44FB212EC0E5300F08B7E /* TaskAnnotation.m in Sources */ = {isa = PBXBuildFile; fileRef = 24E44FB112EC0E5300F08B7E /* TaskAnnotation.m */; };
		24E44FD312EC0F2A00F08B7E /* TaskDirectionsView.xib in Resources */ = {isa = PBXBuildFile; fileRef = 24E44FD212EC0F2A00F08B7E /* TaskDirectionsView.xib */; };
		24E44FEE12EC125A00F08B7E /* TaskDetailsViewController.m in Sources */ = {isa = PBXBuildFile; fileRef = 24E44FED12EC125A00F08B7E /* TaskDetailsViewController.m */; };
		24E4500512EC138E00F08B7E /* TaskDetailsView.xib in Resources */ = {isa = PBXBuildFile; fileRef = 24E4500412EC138E00F08B7E /* TaskDetailsView.xib */; };
		24E5BBD81389D04E008D10A2 /* EventKit.framework in Frameworks */ = {isa = PBXBuildFile; fileRef = 24E5BBD61389D04E008D10A2 /* EventKit.framework */; };
		24E5BBD91389D04E008D10A2 /* EventKitUI.framework in Frameworks */ = {isa = PBXBuildFile; fileRef = 24E5BBD71389D04E008D10A2 /* EventKitUI.framework */; };
		24E5BBE21389D44C008D10A2 /* ChatBar.png in Resources */ = {isa = PBXBuildFile; fileRef = 24E5BBE01389D44C008D10A2 /* ChatBar.png */; };
		24E5BBE31389D44C008D10A2 /* CreateButton.png in Resources */ = {isa = PBXBuildFile; fileRef = 24E5BBE11389D44C008D10A2 /* CreateButton.png */; };
		24E5BBE71389E316008D10A2 /* NSString+Additions.m in Sources */ = {isa = PBXBuildFile; fileRef = 24E5BBE61389E316008D10A2 /* NSString+Additions.m */; };
		24E5BBED1389F534008D10A2 /* _Tag.m in Sources */ = {isa = PBXBuildFile; fileRef = 24E5BBEA1389F534008D10A2 /* _Tag.m */; };
		24E5BBEE1389F534008D10A2 /* Tag.m in Sources */ = {isa = PBXBuildFile; fileRef = 24E5BBEC1389F534008D10A2 /* Tag.m */; };
		24FA42F71302F7BD001B1972 /* CTXDOBlueButton.m in Sources */ = {isa = PBXBuildFile; fileRef = 24FA42F61302F7BA001B1972 /* CTXDOBlueButton.m */; };
		3A034D4B125D62DD00F49FA6 /* SettingsViewController.m in Sources */ = {isa = PBXBuildFile; fileRef = 3A034D4A125D62DD00F49FA6 /* SettingsViewController.m */; };
		3A035469125FFFBB00F49FA6 /* Entitlements.plist in Resources */ = {isa = PBXBuildFile; fileRef = 3A035468125FFFBB00F49FA6 /* Entitlements.plist */; };
		3A57000F11FFB24F00248D1D /* AppDelegate.m in Sources */ = {isa = PBXBuildFile; fileRef = 3A57FFA211FFB24F00248D1D /* AppDelegate.m */; };
		3A57001011FFB24F00248D1D /* main.m in Sources */ = {isa = PBXBuildFile; fileRef = 3A57FFA311FFB24F00248D1D /* main.m */; };
/* End PBXBuildFile section */

/* Begin PBXContainerItemProxy section */
		242C911912FD097C00F557AA /* PBXContainerItemProxy */ = {
			isa = PBXContainerItemProxy;
			containerPortal = 242C910F12FD097B00F557AA /* KitDeps.xcodeproj */;
			proxyType = 2;
			remoteGlobalIDString = D2AAC07E0554694100DB518D;
			remoteInfo = KitDeps;
		};
		24A8078712FE99E600B89591 /* PBXContainerItemProxy */ = {
			isa = PBXContainerItemProxy;
			containerPortal = 242C910F12FD097B00F557AA /* KitDeps.xcodeproj */;
			proxyType = 1;
			remoteGlobalIDString = D2AAC07D0554694100DB518D;
			remoteInfo = KitDeps;
		};
/* End PBXContainerItemProxy section */

/* Begin PBXFileReference section */
		1D30AB110D05D00D00671497 /* Foundation.framework */ = {isa = PBXFileReference; lastKnownFileType = wrapper.framework; name = Foundation.framework; path = System/Library/Frameworks/Foundation.framework; sourceTree = SDKROOT; };
		1D6058910D05DD3D006BFB54 /* ContextDo.app */ = {isa = PBXFileReference; explicitFileType = wrapper.application; includeInIndex = 0; path = ContextDo.app; sourceTree = BUILT_PRODUCTS_DIR; };
		1DF5F4DF0D08C38300B7A737 /* UIKit.framework */ = {isa = PBXFileReference; lastKnownFileType = wrapper.framework; name = UIKit.framework; path = System/Library/Frameworks/UIKit.framework; sourceTree = SDKROOT; };
		24000E1A134C9180002C6601 /* blackArrow.png */ = {isa = PBXFileReference; lastKnownFileType = image.png; path = blackArrow.png; sourceTree = "<group>"; };
		24000E1B134C9180002C6601 /* blackArrow@2x.png */ = {isa = PBXFileReference; lastKnownFileType = image.png; path = "blackArrow@2x.png"; sourceTree = "<group>"; };
		24000E1C134C9180002C6601 /* blueArrow.png */ = {isa = PBXFileReference; lastKnownFileType = image.png; path = blueArrow.png; sourceTree = "<group>"; };
		24000E1D134C9180002C6601 /* blueArrow@2x.png */ = {isa = PBXFileReference; lastKnownFileType = image.png; path = "blueArrow@2x.png"; sourceTree = "<group>"; };
		24000E1E134C9180002C6601 /* grayArrow.png */ = {isa = PBXFileReference; lastKnownFileType = image.png; path = grayArrow.png; sourceTree = "<group>"; };
		24000E1F134C9180002C6601 /* grayArrow@2x.png */ = {isa = PBXFileReference; lastKnownFileType = image.png; path = "grayArrow@2x.png"; sourceTree = "<group>"; };
		24000E20134C9180002C6601 /* whiteArrow.png */ = {isa = PBXFileReference; lastKnownFileType = image.png; path = whiteArrow.png; sourceTree = "<group>"; };
		24000E21134C9180002C6601 /* whiteArrow@2x.png */ = {isa = PBXFileReference; lastKnownFileType = image.png; path = "whiteArrow@2x.png"; sourceTree = "<group>"; };
		24000E23134C9180002C6601 /* FBDialog.bundle */ = {isa = PBXFileReference; lastKnownFileType = "wrapper.plug-in"; path = FBDialog.bundle; sourceTree = "<group>"; };
		24000E27134C9180002C6601 /* BaseWebView.xib */ = {isa = PBXFileReference; fileEncoding = 4; lastKnownFileType = file.xib; path = BaseWebView.xib; sourceTree = "<group>"; };
		24000E28134C9180002C6601 /* CustomNavigationController.xib */ = {isa = PBXFileReference; fileEncoding = 4; lastKnownFileType = file.xib; path = CustomNavigationController.xib; sourceTree = "<group>"; };
		24000E2A134C9180002C6601 /* signinBullet1.png */ = {isa = PBXFileReference; lastKnownFileType = image.png; path = signinBullet1.png; sourceTree = "<group>"; };
		24000E2B134C9180002C6601 /* signinBullet1@2x.png */ = {isa = PBXFileReference; lastKnownFileType = image.png; path = "signinBullet1@2x.png"; sourceTree = "<group>"; };
		24000E2C134C9180002C6601 /* signinBullet2.png */ = {isa = PBXFileReference; lastKnownFileType = image.png; path = signinBullet2.png; sourceTree = "<group>"; };
		24000E2D134C9180002C6601 /* signinBullet2@2x.png */ = {isa = PBXFileReference; lastKnownFileType = image.png; path = "signinBullet2@2x.png"; sourceTree = "<group>"; };
		24000E2E134C9180002C6601 /* signinButtonBg.png */ = {isa = PBXFileReference; lastKnownFileType = image.png; path = signinButtonBg.png; sourceTree = "<group>"; };
		24000E2F134C9180002C6601 /* signinButtonBg@2x.png */ = {isa = PBXFileReference; lastKnownFileType = image.png; path = "signinButtonBg@2x.png"; sourceTree = "<group>"; };
		24000E30134C9180002C6601 /* signinHello.png */ = {isa = PBXFileReference; lastKnownFileType = image.png; path = signinHello.png; sourceTree = "<group>"; };
		24000E31134C9180002C6601 /* signinHello@2x.png */ = {isa = PBXFileReference; lastKnownFileType = image.png; path = "signinHello@2x.png"; sourceTree = "<group>"; };
		24000E32134C9180002C6601 /* signinSeparator.png */ = {isa = PBXFileReference; lastKnownFileType = image.png; path = signinSeparator.png; sourceTree = "<group>"; };
		24000E34134C9180002C6601 /* TapkuLibrary.bundle */ = {isa = PBXFileReference; lastKnownFileType = "wrapper.plug-in"; path = TapkuLibrary.bundle; sourceTree = "<group>"; };
		2426AC3612F9A1CF00969CBB /* iTunesArtwork */ = {isa = PBXFileReference; lastKnownFileType = file; path = iTunesArtwork; sourceTree = "<group>"; };
		242C910F12FD097B00F557AA /* KitDeps.xcodeproj */ = {isa = PBXFileReference; lastKnownFileType = "wrapper.pb-project"; path = KitDeps.xcodeproj; sourceTree = "<group>"; };
		242C911212FD097B00F557AA /* Kit.xcconfig */ = {isa = PBXFileReference; fileEncoding = 4; lastKnownFileType = text.xcconfig; path = Kit.xcconfig; sourceTree = "<group>"; };
		243A35CE12E3DC4300A6D402 /* DefaultStyleSheet.m */ = {isa = PBXFileReference; fileEncoding = 4; lastKnownFileType = sourcecode.c.objc; path = DefaultStyleSheet.m; sourceTree = "<group>"; };
		243A35CF12E3DC4300A6D402 /* DefaultStyleSheet.h */ = {isa = PBXFileReference; fileEncoding = 4; lastKnownFileType = sourcecode.c.h; path = DefaultStyleSheet.h; sourceTree = "<group>"; };
		243A3C1F12E4511500A6D402 /* CTXDOTableHeaderView.h */ = {isa = PBXFileReference; fileEncoding = 4; lastKnownFileType = sourcecode.c.h; path = CTXDOTableHeaderView.h; sourceTree = "<group>"; };
		243A3C2012E4511500A6D402 /* CTXDOTableHeaderView.m */ = {isa = PBXFileReference; fileEncoding = 4; lastKnownFileType = sourcecode.c.objc; path = CTXDOTableHeaderView.m; sourceTree = "<group>"; };
		243A3D5912E46A4F00A6D402 /* GroupsCell.h */ = {isa = PBXFileReference; fileEncoding = 4; lastKnownFileType = sourcecode.c.h; path = GroupsCell.h; sourceTree = "<group>"; };
		243A3D5A12E46A4F00A6D402 /* GroupsCell.m */ = {isa = PBXFileReference; fileEncoding = 4; lastKnownFileType = sourcecode.c.objc; path = GroupsCell.m; sourceTree = "<group>"; };
		243A3D9F12E4748B00A6D402 /* CellBackgroundView.h */ = {isa = PBXFileReference; fileEncoding = 4; lastKnownFileType = sourcecode.c.h; path = CellBackgroundView.h; sourceTree = "<group>"; };
		243A3DA012E4748B00A6D402 /* CellBackgroundView.m */ = {isa = PBXFileReference; fileEncoding = 4; lastKnownFileType = sourcecode.c.objc; path = CellBackgroundView.m; sourceTree = "<group>"; };
		243A46AD12E573C100A6D402 /* CTXDOLoginButton.h */ = {isa = PBXFileReference; fileEncoding = 4; lastKnownFileType = sourcecode.c.h; path = CTXDOLoginButton.h; sourceTree = "<group>"; };
		243A46AE12E573C100A6D402 /* CTXDOLoginButton.m */ = {isa = PBXFileReference; fileEncoding = 4; lastKnownFileType = sourcecode.c.objc; path = CTXDOLoginButton.m; sourceTree = "<group>"; };
		243A536C12E676B700A6D402 /* TasksContainerViewController.h */ = {isa = PBXFileReference; fileEncoding = 4; lastKnownFileType = sourcecode.c.h; path = TasksContainerViewController.h; sourceTree = "<group>"; };
		243A536D12E676B700A6D402 /* TasksContainerViewController.m */ = {isa = PBXFileReference; fileEncoding = 4; lastKnownFileType = sourcecode.c.objc; path = TasksContainerViewController.m; sourceTree = "<group>"; };
		243A537312E677F200A6D402 /* TasksContainerView.xib */ = {isa = PBXFileReference; lastKnownFileType = file.xib; path = TasksContainerView.xib; sourceTree = "<group>"; };
		2448D18412E82D93005EEEDA /* TaskEditViewController.h */ = {isa = PBXFileReference; fileEncoding = 4; lastKnownFileType = sourcecode.c.h; path = TaskEditViewController.h; sourceTree = "<group>"; };
		2448D18512E82D93005EEEDA /* TaskEditViewController.m */ = {isa = PBXFileReference; fileEncoding = 4; lastKnownFileType = sourcecode.c.objc; path = TaskEditViewController.m; sourceTree = "<group>"; };
		2448D18712E83402005EEEDA /* TaskEditDataSource.h */ = {isa = PBXFileReference; fileEncoding = 4; lastKnownFileType = sourcecode.c.h; path = TaskEditDataSource.h; sourceTree = "<group>"; };
		2448D18812E83402005EEEDA /* TaskEditDataSource.m */ = {isa = PBXFileReference; fileEncoding = 4; lastKnownFileType = sourcecode.c.objc; path = TaskEditDataSource.m; sourceTree = "<group>"; };
		2448D18E12E83B14005EEEDA /* TaskEditCell.h */ = {isa = PBXFileReference; fileEncoding = 4; lastKnownFileType = sourcecode.c.h; path = TaskEditCell.h; sourceTree = "<group>"; };
		2448D18F12E83B14005EEEDA /* TaskEditCell.m */ = {isa = PBXFileReference; fileEncoding = 4; lastKnownFileType = sourcecode.c.objc; path = TaskEditCell.m; sourceTree = "<group>"; };
		2448D1D712E856CA005EEEDA /* TaskEditView.xib */ = {isa = PBXFileReference; lastKnownFileType = file.xib; path = TaskEditView.xib; sourceTree = "<group>"; };
		2448D55712E8B30D005EEEDA /* TaskDatePickerViewController.h */ = {isa = PBXFileReference; fileEncoding = 4; lastKnownFileType = sourcecode.c.h; path = TaskDatePickerViewController.h; sourceTree = "<group>"; };
		2448D55812E8B30D005EEEDA /* TaskDatePickerViewController.m */ = {isa = PBXFileReference; fileEncoding = 4; lastKnownFileType = sourcecode.c.objc; path = TaskDatePickerViewController.m; sourceTree = "<group>"; };
		2448D55A12E8B32B005EEEDA /* TaskDatePickerView.xib */ = {isa = PBXFileReference; lastKnownFileType = file.xib; path = TaskDatePickerView.xib; sourceTree = "<group>"; };
		2448D55D12E8B756005EEEDA /* TaskDatePickerDataSource.h */ = {isa = PBXFileReference; fileEncoding = 4; lastKnownFileType = sourcecode.c.h; path = TaskDatePickerDataSource.h; sourceTree = "<group>"; };
		2448D55E12E8B756005EEEDA /* TaskDatePickerDataSource.m */ = {isa = PBXFileReference; fileEncoding = 4; lastKnownFileType = sourcecode.c.objc; path = TaskDatePickerDataSource.m; sourceTree = "<group>"; };
		2448D92812E954E5005EEEDA /* TaskContactViewController.h */ = {isa = PBXFileReference; fileEncoding = 4; lastKnownFileType = sourcecode.c.h; path = TaskContactViewController.h; sourceTree = "<group>"; };
		2448D92912E954E5005EEEDA /* TaskContactViewController.m */ = {isa = PBXFileReference; fileEncoding = 4; lastKnownFileType = sourcecode.c.objc; path = TaskContactViewController.m; sourceTree = "<group>"; };
		2448D93A12E95999005EEEDA /* TaskContactView.xib */ = {isa = PBXFileReference; lastKnownFileType = file.xib; path = TaskContactView.xib; sourceTree = "<group>"; };
		2448DA5512E96A35005EEEDA /* TaskContactDataSource.m */ = {isa = PBXFileReference; fileEncoding = 4; lastKnownFileType = sourcecode.c.objc; path = TaskContactDataSource.m; sourceTree = "<group>"; };
		2448DA5612E96A35005EEEDA /* TaskContactDataSource.h */ = {isa = PBXFileReference; fileEncoding = 4; lastKnownFileType = sourcecode.c.h; path = TaskContactDataSource.h; sourceTree = "<group>"; };
		2448DCA612E9AB64005EEEDA /* TaskLocationViewController.h */ = {isa = PBXFileReference; fileEncoding = 4; lastKnownFileType = sourcecode.c.h; path = TaskLocationViewController.h; sourceTree = "<group>"; };
		2448DCA712E9AB64005EEEDA /* TaskLocationViewController.m */ = {isa = PBXFileReference; fileEncoding = 4; lastKnownFileType = sourcecode.c.objc; path = TaskLocationViewController.m; sourceTree = "<group>"; };
		2448DCA912E9AB77005EEEDA /* TaskLocationDataSource.h */ = {isa = PBXFileReference; fileEncoding = 4; lastKnownFileType = sourcecode.c.h; path = TaskLocationDataSource.h; sourceTree = "<group>"; };
		2448DCAA12E9AB77005EEEDA /* TaskLocationDataSource.m */ = {isa = PBXFileReference; fileEncoding = 4; lastKnownFileType = sourcecode.c.objc; path = TaskLocationDataSource.m; sourceTree = "<group>"; };
		2448DCAC12E9AB8C005EEEDA /* TaskLocationView.xib */ = {isa = PBXFileReference; lastKnownFileType = file.xib; path = TaskLocationView.xib; sourceTree = "<group>"; };
		2456726612EF50450004189D /* CTXDONotificationsServices.h */ = {isa = PBXFileReference; fileEncoding = 4; lastKnownFileType = sourcecode.c.h; path = CTXDONotificationsServices.h; sourceTree = "<group>"; };
		2456726712EF50450004189D /* CTXDONotificationsServices.m */ = {isa = PBXFileReference; fileEncoding = 4; lastKnownFileType = sourcecode.c.objc; path = CTXDONotificationsServices.m; sourceTree = "<group>"; };
		245673C712EFB1EE0004189D /* SettingsCell.h */ = {isa = PBXFileReference; fileEncoding = 4; lastKnownFileType = sourcecode.c.h; path = SettingsCell.h; sourceTree = "<group>"; };
		245673C812EFB1EE0004189D /* SettingsCell.m */ = {isa = PBXFileReference; fileEncoding = 4; lastKnownFileType = sourcecode.c.objc; path = SettingsCell.m; sourceTree = "<group>"; };
		245673D612EFB4F20004189D /* SettingsDataSource.h */ = {isa = PBXFileReference; fileEncoding = 4; lastKnownFileType = sourcecode.c.h; path = SettingsDataSource.h; sourceTree = "<group>"; };
		245673D712EFB4F20004189D /* SettingsDataSource.m */ = {isa = PBXFileReference; fileEncoding = 4; lastKnownFileType = sourcecode.c.objc; path = SettingsDataSource.m; sourceTree = "<group>"; };
		2456745C12EFBC570004189D /* CTXDOButton.h */ = {isa = PBXFileReference; fileEncoding = 4; lastKnownFileType = sourcecode.c.h; path = CTXDOButton.h; sourceTree = "<group>"; };
		2456745D12EFBC570004189D /* CTXDOButton.m */ = {isa = PBXFileReference; fileEncoding = 4; lastKnownFileType = sourcecode.c.objc; path = CTXDOButton.m; sourceTree = "<group>"; };
		245674D112EFC3F40004189D /* CTXDoSlider.h */ = {isa = PBXFileReference; fileEncoding = 4; lastKnownFileType = sourcecode.c.h; path = CTXDoSlider.h; sourceTree = "<group>"; };
		245674D212EFC3F40004189D /* CTXDoSlider.m */ = {isa = PBXFileReference; fileEncoding = 4; lastKnownFileType = sourcecode.c.objc; path = CTXDoSlider.m; sourceTree = "<group>"; };
		2456752B12EFC9630004189D /* SettingsSliderView.h */ = {isa = PBXFileReference; fileEncoding = 4; lastKnownFileType = sourcecode.c.h; path = SettingsSliderView.h; sourceTree = "<group>"; };
		2456752C12EFC9630004189D /* SettingsSliderView.m */ = {isa = PBXFileReference; fileEncoding = 4; lastKnownFileType = sourcecode.c.objc; path = SettingsSliderView.m; sourceTree = "<group>"; };
		245680FD12F072730004189D /* TasksCalendarCell.h */ = {isa = PBXFileReference; fileEncoding = 4; lastKnownFileType = sourcecode.c.h; path = TasksCalendarCell.h; sourceTree = "<group>"; };
		245680FE12F072730004189D /* TasksCalendarCell.m */ = {isa = PBXFileReference; fileEncoding = 4; lastKnownFileType = sourcecode.c.objc; path = TasksCalendarCell.m; sourceTree = "<group>"; };
		246BA8231352B82E0066AD19 /* DatabaseServices.h */ = {isa = PBXFileReference; fileEncoding = 4; lastKnownFileType = sourcecode.c.h; path = DatabaseServices.h; sourceTree = "<group>"; };
		246BA8241352B82E0066AD19 /* DatabaseServices.m */ = {isa = PBXFileReference; fileEncoding = 4; lastKnownFileType = sourcecode.c.objc; path = DatabaseServices.m; sourceTree = "<group>"; };
		246BA8261352BA960066AD19 /* CoreData.framework */ = {isa = PBXFileReference; lastKnownFileType = wrapper.framework; name = CoreData.framework; path = System/Library/Frameworks/CoreData.framework; sourceTree = SDKROOT; };
		246BA8291352BED50066AD19 /* Database01.xcdatamodel */ = {isa = PBXFileReference; lastKnownFileType = wrapper.xcdatamodel; path = Database01.xcdatamodel; sourceTree = "<group>"; };
		246BA82D1352C37E0066AD19 /* _Task.m */ = {isa = PBXFileReference; fileEncoding = 4; lastKnownFileType = sourcecode.c.objc; path = _Task.m; sourceTree = "<group>"; };
		246BA82E1352C37E0066AD19 /* _Task.h */ = {isa = PBXFileReference; fileEncoding = 4; lastKnownFileType = sourcecode.c.h; path = _Task.h; sourceTree = "<group>"; };
		246BA8311352C3BC0066AD19 /* Task.m */ = {isa = PBXFileReference; fileEncoding = 4; lastKnownFileType = sourcecode.c.objc; path = Task.m; sourceTree = "<group>"; };
		246BA8321352C3BC0066AD19 /* Task.h */ = {isa = PBXFileReference; fileEncoding = 4; lastKnownFileType = sourcecode.c.h; path = Task.h; sourceTree = "<group>"; };
		2481FF5E12FF3E92003EEAB6 /* libKitDeps.a */ = {isa = PBXFileReference; explicitFileType = archive.ar; path = libKitDeps.a; sourceTree = SOURCE_ROOT; };
		2481FF9A12FF477F003EEAB6 /* MapKit.framework */ = {isa = PBXFileReference; lastKnownFileType = wrapper.framework; name = MapKit.framework; path = System/Library/Frameworks/MapKit.framework; sourceTree = SDKROOT; };
		2481FFB012FF4873003EEAB6 /* MessageUI.framework */ = {isa = PBXFileReference; lastKnownFileType = wrapper.framework; name = MessageUI.framework; path = System/Library/Frameworks/MessageUI.framework; sourceTree = SDKROOT; };
		248921D3128EE15E00DC9712 /* MainWindow.xib */ = {isa = PBXFileReference; lastKnownFileType = file.xib; name = MainWindow.xib; path = Views/MainWindow.xib; sourceTree = "<group>"; };
		248921EC128EE27500DC9712 /* SettingsView.xib */ = {isa = PBXFileReference; lastKnownFileType = file.xib; path = SettingsView.xib; sourceTree = "<group>"; };
		2489CAA212BE10E300C1A58A /* TasksDataSource.h */ = {isa = PBXFileReference; fileEncoding = 4; lastKnownFileType = sourcecode.c.h; path = TasksDataSource.h; sourceTree = "<group>"; };
		2489CAA312BE10E300C1A58A /* TasksDataSource.m */ = {isa = PBXFileReference; fileEncoding = 4; lastKnownFileType = sourcecode.c.objc; path = TasksDataSource.m; sourceTree = "<group>"; };
		2489CAD912BE1D5E00C1A58A /* TasksViewController.h */ = {isa = PBXFileReference; fileEncoding = 4; lastKnownFileType = sourcecode.c.h; path = TasksViewController.h; sourceTree = "<group>"; };
		2489CADA12BE1D5E00C1A58A /* TasksViewController.m */ = {isa = PBXFileReference; fileEncoding = 4; lastKnownFileType = sourcecode.c.objc; path = TasksViewController.m; sourceTree = "<group>"; };
		2489CADC12BE1D6700C1A58A /* TasksView.xib */ = {isa = PBXFileReference; lastKnownFileType = file.xib; path = TasksView.xib; sourceTree = "<group>"; };
		248F21E61353CB2C00D9475C /* TasksScrollContainerViewController.h */ = {isa = PBXFileReference; fileEncoding = 4; lastKnownFileType = sourcecode.c.h; path = TasksScrollContainerViewController.h; sourceTree = "<group>"; };
		248F21E71353CB2C00D9475C /* TasksScrollContainerViewController.m */ = {isa = PBXFileReference; fileEncoding = 4; lastKnownFileType = sourcecode.c.objc; path = TasksScrollContainerViewController.m; sourceTree = "<group>"; };
		248F21F11353CBBD00D9475C /* ForwardTouchesView.h */ = {isa = PBXFileReference; fileEncoding = 4; lastKnownFileType = sourcecode.c.h; name = ForwardTouchesView.h; path = ../../../../../../Self/DeliciousPageControl/DeliciousPageControl/ForwardTouchesView.h; sourceTree = "<group>"; };
		248F21F21353CBBD00D9475C /* ForwardTouchesView.m */ = {isa = PBXFileReference; fileEncoding = 4; lastKnownFileType = sourcecode.c.objc; name = ForwardTouchesView.m; path = ../../../../../../Self/DeliciousPageControl/DeliciousPageControl/ForwardTouchesView.m; sourceTree = "<group>"; };
		248F21F41353D05B00D9475C /* TasksScrollContainerView.xib */ = {isa = PBXFileReference; fileEncoding = 4; lastKnownFileType = file.xib; path = TasksScrollContainerView.xib; sourceTree = "<group>"; };
		2490FD9112E34D2300F56B39 /* titlebar.png */ = {isa = PBXFileReference; lastKnownFileType = image.png; path = titlebar.png; sourceTree = "<group>"; };
		2490FD9212E34D2300F56B39 /* titlebar@2x.png */ = {isa = PBXFileReference; lastKnownFileType = image.png; path = "titlebar@2x.png"; sourceTree = "<group>"; };
		249113CF12EC4D4B009191BA /* CTXDONavigationArrowsControl.h */ = {isa = PBXFileReference; fileEncoding = 4; lastKnownFileType = sourcecode.c.h; path = CTXDONavigationArrowsControl.h; sourceTree = "<group>"; };
		249113D012EC4D4B009191BA /* CTXDONavigationArrowsControl.m */ = {isa = PBXFileReference; fileEncoding = 4; lastKnownFileType = sourcecode.c.objc; path = CTXDONavigationArrowsControl.m; sourceTree = "<group>"; };
		2491211E12EDC638009191BA /* TasksMapViewController.h */ = {isa = PBXFileReference; fileEncoding = 4; lastKnownFileType = sourcecode.c.h; path = TasksMapViewController.h; sourceTree = "<group>"; };
		2491211F12EDC638009191BA /* TasksMapViewController.m */ = {isa = PBXFileReference; fileEncoding = 4; lastKnownFileType = sourcecode.c.objc; path = TasksMapViewController.m; sourceTree = "<group>"; };
		2491212112EDC725009191BA /* TasksMapView.xib */ = {isa = PBXFileReference; lastKnownFileType = file.xib; path = TasksMapView.xib; sourceTree = "<group>"; };
		249121E212EDD957009191BA /* TasksCalendarViewController.h */ = {isa = PBXFileReference; fileEncoding = 4; lastKnownFileType = sourcecode.c.h; path = TasksCalendarViewController.h; sourceTree = "<group>"; };
		249121E312EDD957009191BA /* TasksCalendarViewController.m */ = {isa = PBXFileReference; fileEncoding = 4; lastKnownFileType = sourcecode.c.objc; path = TasksCalendarViewController.m; sourceTree = "<group>"; };
		2491256112EE490D009191BA /* TasksCalendarDataSource.h */ = {isa = PBXFileReference; fileEncoding = 4; lastKnownFileType = sourcecode.c.h; path = TasksCalendarDataSource.h; sourceTree = "<group>"; };
		2491256212EE490D009191BA /* TasksCalendarDataSource.m */ = {isa = PBXFileReference; fileEncoding = 4; lastKnownFileType = sourcecode.c.objc; path = TasksCalendarDataSource.m; sourceTree = "<group>"; };
		2491273812EE647B009191BA /* TaskDetailsView.h */ = {isa = PBXFileReference; fileEncoding = 4; lastKnownFileType = sourcecode.c.h; path = TaskDetailsView.h; sourceTree = "<group>"; };
		2491273912EE647B009191BA /* TaskDetailsView.m */ = {isa = PBXFileReference; fileEncoding = 4; lastKnownFileType = sourcecode.c.objc; path = TaskDetailsView.m; sourceTree = "<group>"; };
		24B04F421302A88E00F27215 /* Icon@2x.png */ = {isa = PBXFileReference; lastKnownFileType = image.png; path = "Icon@2x.png"; sourceTree = "<group>"; };
		24B04F431302A88E00F27215 /* Icon.png */ = {isa = PBXFileReference; lastKnownFileType = image.png; path = Icon.png; sourceTree = "<group>"; };
		24E4496812EBA54900F08B7E /* TasksUpdatedDataSource.h */ = {isa = PBXFileReference; fileEncoding = 4; lastKnownFileType = sourcecode.c.h; path = TasksUpdatedDataSource.h; sourceTree = "<group>"; };
		24E4496912EBA54900F08B7E /* TasksUpdatedDataSource.m */ = {isa = PBXFileReference; fileEncoding = 4; lastKnownFileType = sourcecode.c.objc; path = TasksUpdatedDataSource.m; sourceTree = "<group>"; };
		24E4496B12EBA56600F08B7E /* InfoViewController.h */ = {isa = PBXFileReference; fileEncoding = 4; lastKnownFileType = sourcecode.c.h; path = InfoViewController.h; sourceTree = "<group>"; };
		24E4496C12EBA56600F08B7E /* InfoViewController.m */ = {isa = PBXFileReference; fileEncoding = 4; lastKnownFileType = sourcecode.c.objc; path = InfoViewController.m; sourceTree = "<group>"; };
		24E4497012EBA5A400F08B7E /* InfoView.xib */ = {isa = PBXFileReference; lastKnownFileType = file.xib; path = InfoView.xib; sourceTree = "<group>"; };
		24E44A1212EBB58500F08B7E /* TasksInfoCell.h */ = {isa = PBXFileReference; fileEncoding = 4; lastKnownFileType = sourcecode.c.h; path = TasksInfoCell.h; sourceTree = "<group>"; };
		24E44A1312EBB58500F08B7E /* TasksInfoCell.m */ = {isa = PBXFileReference; fileEncoding = 4; lastKnownFileType = sourcecode.c.objc; path = TasksInfoCell.m; sourceTree = "<group>"; };
		24E44BFA12EBD6C500F08B7E /* TaskContainerViewController.h */ = {isa = PBXFileReference; fileEncoding = 4; lastKnownFileType = sourcecode.c.h; path = TaskContainerViewController.h; sourceTree = "<group>"; };
		24E44BFB12EBD6C500F08B7E /* TaskContainerViewController.m */ = {isa = PBXFileReference; fileEncoding = 4; lastKnownFileType = sourcecode.c.objc; path = TaskContainerViewController.m; sourceTree = "<group>"; };
		24E44C0C12EBD8F700F08B7E /* TaskContainerView.xib */ = {isa = PBXFileReference; lastKnownFileType = file.xib; path = TaskContainerView.xib; sourceTree = "<group>"; };
		24E44C2212EBDAF500F08B7E /* CTXDOSegmentControl.h */ = {isa = PBXFileReference; fileEncoding = 4; lastKnownFileType = sourcecode.c.h; path = CTXDOSegmentControl.h; sourceTree = "<group>"; };
		24E44C2312EBDAF500F08B7E /* CTXDOSegmentControl.m */ = {isa = PBXFileReference; fileEncoding = 4; lastKnownFileType = sourcecode.c.objc; path = CTXDOSegmentControl.m; sourceTree = "<group>"; };
		24E44F6612EC09C400F08B7E /* TaskScheduleViewController.h */ = {isa = PBXFileReference; fileEncoding = 4; lastKnownFileType = sourcecode.c.h; path = TaskScheduleViewController.h; sourceTree = "<group>"; };
		24E44F6712EC09C400F08B7E /* TaskScheduleViewController.m */ = {isa = PBXFileReference; fileEncoding = 4; lastKnownFileType = sourcecode.c.objc; path = TaskScheduleViewController.m; sourceTree = "<group>"; };
		24E44F6912EC09D200F08B7E /* TaskScheduleView.xib */ = {isa = PBXFileReference; lastKnownFileType = file.xib; path = TaskScheduleView.xib; sourceTree = "<group>"; };
		24E44F9A12EC0DB100F08B7E /* TaskDirectionViewController.h */ = {isa = PBXFileReference; fileEncoding = 4; lastKnownFileType = sourcecode.c.h; path = TaskDirectionViewController.h; sourceTree = "<group>"; };
		24E44F9B12EC0DB100F08B7E /* TaskDirectionViewController.m */ = {isa = PBXFileReference; fileEncoding = 4; lastKnownFileType = sourcecode.c.objc; path = TaskDirectionViewController.m; sourceTree = "<group>"; };
		24E44FB012EC0E5300F08B7E /* TaskAnnotation.h */ = {isa = PBXFileReference; fileEncoding = 4; lastKnownFileType = sourcecode.c.h; path = TaskAnnotation.h; sourceTree = "<group>"; };
		24E44FB112EC0E5300F08B7E /* TaskAnnotation.m */ = {isa = PBXFileReference; fileEncoding = 4; lastKnownFileType = sourcecode.c.objc; path = TaskAnnotation.m; sourceTree = "<group>"; };
		24E44FD212EC0F2A00F08B7E /* TaskDirectionsView.xib */ = {isa = PBXFileReference; lastKnownFileType = file.xib; path = TaskDirectionsView.xib; sourceTree = "<group>"; };
		24E44FEC12EC125A00F08B7E /* TaskDetailsViewController.h */ = {isa = PBXFileReference; fileEncoding = 4; lastKnownFileType = sourcecode.c.h; path = TaskDetailsViewController.h; sourceTree = "<group>"; };
		24E44FED12EC125A00F08B7E /* TaskDetailsViewController.m */ = {isa = PBXFileReference; fileEncoding = 4; lastKnownFileType = sourcecode.c.objc; path = TaskDetailsViewController.m; sourceTree = "<group>"; };
		24E4500412EC138E00F08B7E /* TaskDetailsView.xib */ = {isa = PBXFileReference; lastKnownFileType = file.xib; path = TaskDetailsView.xib; sourceTree = "<group>"; };
		24E5BBD61389D04E008D10A2 /* EventKit.framework */ = {isa = PBXFileReference; lastKnownFileType = wrapper.framework; name = EventKit.framework; path = System/Library/Frameworks/EventKit.framework; sourceTree = SDKROOT; };
		24E5BBD71389D04E008D10A2 /* EventKitUI.framework */ = {isa = PBXFileReference; lastKnownFileType = wrapper.framework; name = EventKitUI.framework; path = System/Library/Frameworks/EventKitUI.framework; sourceTree = SDKROOT; };
		24E5BBE01389D44C008D10A2 /* ChatBar.png */ = {isa = PBXFileReference; lastKnownFileType = image.png; path = ChatBar.png; sourceTree = "<group>"; };
		24E5BBE11389D44C008D10A2 /* CreateButton.png */ = {isa = PBXFileReference; lastKnownFileType = image.png; path = CreateButton.png; sourceTree = "<group>"; };
		24E5BBE51389E316008D10A2 /* NSString+Additions.h */ = {isa = PBXFileReference; fileEncoding = 4; lastKnownFileType = sourcecode.c.h; path = "NSString+Additions.h"; sourceTree = "<group>"; };
		24E5BBE61389E316008D10A2 /* NSString+Additions.m */ = {isa = PBXFileReference; fileEncoding = 4; lastKnownFileType = sourcecode.c.objc; path = "NSString+Additions.m"; sourceTree = "<group>"; };
		24E5BBE81389F20A008D10A2 /* Database02.xcdatamodel */ = {isa = PBXFileReference; lastKnownFileType = wrapper.xcdatamodel; path = Database02.xcdatamodel; sourceTree = "<group>"; };
		24E5BBE91389F534008D10A2 /* _Tag.h */ = {isa = PBXFileReference; fileEncoding = 4; lastKnownFileType = sourcecode.c.h; path = _Tag.h; sourceTree = "<group>"; };
		24E5BBEA1389F534008D10A2 /* _Tag.m */ = {isa = PBXFileReference; fileEncoding = 4; lastKnownFileType = sourcecode.c.objc; path = _Tag.m; sourceTree = "<group>"; };
		24E5BBEB1389F534008D10A2 /* Tag.h */ = {isa = PBXFileReference; fileEncoding = 4; lastKnownFileType = sourcecode.c.h; path = Tag.h; sourceTree = "<group>"; };
		24E5BBEC1389F534008D10A2 /* Tag.m */ = {isa = PBXFileReference; fileEncoding = 4; lastKnownFileType = sourcecode.c.objc; path = Tag.m; sourceTree = "<group>"; };
		24FA42F51302F7B9001B1972 /* CTXDOBlueButton.h */ = {isa = PBXFileReference; fileEncoding = 4; lastKnownFileType = sourcecode.c.h; path = CTXDOBlueButton.h; sourceTree = "<group>"; };
		24FA42F61302F7BA001B1972 /* CTXDOBlueButton.m */ = {isa = PBXFileReference; fileEncoding = 4; lastKnownFileType = sourcecode.c.objc; path = CTXDOBlueButton.m; sourceTree = "<group>"; };
		3A034D49125D62DD00F49FA6 /* SettingsViewController.h */ = {isa = PBXFileReference; fileEncoding = 4; lastKnownFileType = sourcecode.c.h; path = SettingsViewController.h; sourceTree = "<group>"; };
		3A034D4A125D62DD00F49FA6 /* SettingsViewController.m */ = {isa = PBXFileReference; fileEncoding = 4; lastKnownFileType = sourcecode.c.objc; path = SettingsViewController.m; sourceTree = "<group>"; };
		3A035468125FFFBB00F49FA6 /* Entitlements.plist */ = {isa = PBXFileReference; fileEncoding = 4; lastKnownFileType = text.plist.xml; path = Entitlements.plist; sourceTree = "<group>"; };
		3A57002C11FFB2A500248D1D /* Define.h */ = {isa = PBXFileReference; fileEncoding = 4; lastKnownFileType = sourcecode.c.h; path = Define.h; sourceTree = "<group>"; };
		3A57FED511FFB24F00248D1D /* Info.plist */ = {isa = PBXFileReference; fileEncoding = 4; lastKnownFileType = text.plist.xml; path = Info.plist; sourceTree = "<group>"; };
		3A57FFA111FFB24F00248D1D /* AppDelegate.h */ = {isa = PBXFileReference; fileEncoding = 4; lastKnownFileType = sourcecode.c.h; path = AppDelegate.h; sourceTree = "<group>"; };
		3A57FFA211FFB24F00248D1D /* AppDelegate.m */ = {isa = PBXFileReference; fileEncoding = 4; lastKnownFileType = sourcecode.c.objc; path = AppDelegate.m; sourceTree = "<group>"; };
		3A57FFA311FFB24F00248D1D /* main.m */ = {isa = PBXFileReference; fileEncoding = 4; lastKnownFileType = sourcecode.c.objc; path = main.m; sourceTree = "<group>"; };
		3A57FFA511FFB24F00248D1D /* Prefix.pch */ = {isa = PBXFileReference; fileEncoding = 4; lastKnownFileType = sourcecode.c.h; path = Prefix.pch; sourceTree = "<group>"; };
/* End PBXFileReference section */

/* Begin PBXFrameworksBuildPhase section */
		1D60588F0D05DD3D006BFB54 /* Frameworks */ = {
			isa = PBXFrameworksBuildPhase;
			buildActionMask = 2147483647;
			files = (
				24E5BBD81389D04E008D10A2 /* EventKit.framework in Frameworks */,
				24E5BBD91389D04E008D10A2 /* EventKitUI.framework in Frameworks */,
				246BA8271352BA960066AD19 /* CoreData.framework in Frameworks */,
				2481FFB112FF4874003EEAB6 /* MessageUI.framework in Frameworks */,
				2481FF9B12FF477F003EEAB6 /* MapKit.framework in Frameworks */,
				2481FF5F12FF3E92003EEAB6 /* libKitDeps.a in Frameworks */,
				1D60589F0D05DD5A006BFB54 /* Foundation.framework in Frameworks */,
				1DF5F4E00D08C38300B7A737 /* UIKit.framework in Frameworks */,
			);
			runOnlyForDeploymentPostprocessing = 0;
		};
/* End PBXFrameworksBuildPhase section */

/* Begin PBXGroup section */
		19C28FACFE9D520D11CA2CBB /* Products */ = {
			isa = PBXGroup;
			children = (
				1D6058910D05DD3D006BFB54 /* ContextDo.app */,
			);
			name = Products;
			sourceTree = "<group>";
		};
		24000E08134C9180002C6601 /* Resources */ = {
			isa = PBXGroup;
			children = (
				24000E19134C9180002C6601 /* EGOTableViewPullRefresh */,
				24000E22134C9180002C6601 /* facebook-ios-sdk */,
				24000E26134C9180002C6601 /* ObjectiveDump3 */,
				24000E29134C9180002C6601 /* PlainOAuth */,
				24000E33134C9180002C6601 /* tapkulibrary */,
			);
			path = Resources;
			sourceTree = "<group>";
		};
		24000E19134C9180002C6601 /* EGOTableViewPullRefresh */ = {
			isa = PBXGroup;
			children = (
				24000E1A134C9180002C6601 /* blackArrow.png */,
				24000E1B134C9180002C6601 /* blackArrow@2x.png */,
				24000E1C134C9180002C6601 /* blueArrow.png */,
				24000E1D134C9180002C6601 /* blueArrow@2x.png */,
				24000E1E134C9180002C6601 /* grayArrow.png */,
				24000E1F134C9180002C6601 /* grayArrow@2x.png */,
				24000E20134C9180002C6601 /* whiteArrow.png */,
				24000E21134C9180002C6601 /* whiteArrow@2x.png */,
			);
			path = EGOTableViewPullRefresh;
			sourceTree = "<group>";
		};
		24000E22134C9180002C6601 /* facebook-ios-sdk */ = {
			isa = PBXGroup;
			children = (
				24000E23134C9180002C6601 /* FBDialog.bundle */,
			);
			path = "facebook-ios-sdk";
			sourceTree = "<group>";
		};
		24000E26134C9180002C6601 /* ObjectiveDump3 */ = {
			isa = PBXGroup;
			children = (
				24000E27134C9180002C6601 /* BaseWebView.xib */,
				24000E28134C9180002C6601 /* CustomNavigationController.xib */,
			);
			path = ObjectiveDump3;
			sourceTree = "<group>";
		};
		24000E29134C9180002C6601 /* PlainOAuth */ = {
			isa = PBXGroup;
			children = (
				24000E2A134C9180002C6601 /* signinBullet1.png */,
				24000E2B134C9180002C6601 /* signinBullet1@2x.png */,
				24000E2C134C9180002C6601 /* signinBullet2.png */,
				24000E2D134C9180002C6601 /* signinBullet2@2x.png */,
				24000E2E134C9180002C6601 /* signinButtonBg.png */,
				24000E2F134C9180002C6601 /* signinButtonBg@2x.png */,
				24000E30134C9180002C6601 /* signinHello.png */,
				24000E31134C9180002C6601 /* signinHello@2x.png */,
				24000E32134C9180002C6601 /* signinSeparator.png */,
			);
			path = PlainOAuth;
			sourceTree = "<group>";
		};
		24000E33134C9180002C6601 /* tapkulibrary */ = {
			isa = PBXGroup;
			children = (
				24000E34134C9180002C6601 /* TapkuLibrary.bundle */,
			);
			path = tapkulibrary;
			sourceTree = "<group>";
		};
		242C910E12FD08ED00F557AA /* Kits */ = {
			isa = PBXGroup;
			children = (
				242C910F12FD097B00F557AA /* KitDeps.xcodeproj */,
				242C911212FD097B00F557AA /* Kit.xcconfig */,
				2481FF5E12FF3E92003EEAB6 /* libKitDeps.a */,
				24000E08134C9180002C6601 /* Resources */,
			);
			path = Kits;
			sourceTree = SOURCE_ROOT;
		};
		242C911012FD097B00F557AA /* Products */ = {
			isa = PBXGroup;
			children = (
				242C911A12FD097C00F557AA /* libKitDeps.a */,
			);
			name = Products;
			sourceTree = "<group>";
		};
		243A3C1E12E450DC00A6D402 /* Table header */ = {
			isa = PBXGroup;
			children = (
				243A3C1F12E4511500A6D402 /* CTXDOTableHeaderView.h */,
				243A3C2012E4511500A6D402 /* CTXDOTableHeaderView.m */,
			);
			name = "Table header";
			sourceTree = "<group>";
		};
		243A46B012E573D000A6D402 /* UIButtons */ = {
			isa = PBXGroup;
			children = (
				2456745C12EFBC570004189D /* CTXDOButton.h */,
				2456745D12EFBC570004189D /* CTXDOButton.m */,
				243A46AD12E573C100A6D402 /* CTXDOLoginButton.h */,
				243A46AE12E573C100A6D402 /* CTXDOLoginButton.m */,
				24FA42F51302F7B9001B1972 /* CTXDOBlueButton.h */,
				24FA42F61302F7BA001B1972 /* CTXDOBlueButton.m */,
			);
			name = UIButtons;
			sourceTree = "<group>";
		};
		2448D55312E8B2DF005EEEDA /* Date */ = {
			isa = PBXGroup;
			children = (
				2448D55D12E8B756005EEEDA /* TaskDatePickerDataSource.h */,
				2448D55E12E8B756005EEEDA /* TaskDatePickerDataSource.m */,
				2448D55712E8B30D005EEEDA /* TaskDatePickerViewController.h */,
				2448D55812E8B30D005EEEDA /* TaskDatePickerViewController.m */,
				2448D55A12E8B32B005EEEDA /* TaskDatePickerView.xib */,
			);
			name = Date;
			sourceTree = "<group>";
		};
		2448D92612E95485005EEEDA /* Contact */ = {
			isa = PBXGroup;
			children = (
				2448DA5612E96A35005EEEDA /* TaskContactDataSource.h */,
				2448DA5512E96A35005EEEDA /* TaskContactDataSource.m */,
				2448D92812E954E5005EEEDA /* TaskContactViewController.h */,
				2448D92912E954E5005EEEDA /* TaskContactViewController.m */,
				2448D93A12E95999005EEEDA /* TaskContactView.xib */,
			);
			name = Contact;
			sourceTree = "<group>";
		};
		2448D92712E9548E005EEEDA /* Location */ = {
			isa = PBXGroup;
			children = (
				2448DCA912E9AB77005EEEDA /* TaskLocationDataSource.h */,
				2448DCAA12E9AB77005EEEDA /* TaskLocationDataSource.m */,
				2448DCA612E9AB64005EEEDA /* TaskLocationViewController.h */,
				2448DCA712E9AB64005EEEDA /* TaskLocationViewController.m */,
				2448DCAC12E9AB8C005EEEDA /* TaskLocationView.xib */,
			);
			name = Location;
			sourceTree = "<group>";
		};
		2456726512EF50180004189D /* Notifications */ = {
			isa = PBXGroup;
			children = (
				2456726612EF50450004189D /* CTXDONotificationsServices.h */,
				2456726712EF50450004189D /* CTXDONotificationsServices.m */,
			);
			name = Notifications;
			sourceTree = "<group>";
		};
		2456745B12EFBC030004189D /* UISliders */ = {
			isa = PBXGroup;
			children = (
				245674D112EFC3F40004189D /* CTXDoSlider.h */,
				245674D212EFC3F40004189D /* CTXDoSlider.m */,
			);
			name = UISliders;
			sourceTree = "<group>";
		};
		246BA8221352B8080066AD19 /* Database */ = {
			isa = PBXGroup;
			children = (
				246BA8231352B82E0066AD19 /* DatabaseServices.h */,
				246BA8241352B82E0066AD19 /* DatabaseServices.m */,
			);
			name = Database;
			sourceTree = "<group>";
		};
		246BA8301352C3820066AD19 /* Machine */ = {
			isa = PBXGroup;
			children = (
				246BA82E1352C37E0066AD19 /* _Task.h */,
				246BA82D1352C37E0066AD19 /* _Task.m */,
				24E5BBE91389F534008D10A2 /* _Tag.h */,
				24E5BBEA1389F534008D10A2 /* _Tag.m */,
			);
			name = Machine;
			sourceTree = "<group>";
		};
		2489CAA112BE102F00C1A58A /* Tasks */ = {
			isa = PBXGroup;
			children = (
				243A536C12E676B700A6D402 /* TasksContainerViewController.h */,
				243A536D12E676B700A6D402 /* TasksContainerViewController.m */,
				243A537312E677F200A6D402 /* TasksContainerView.xib */,
				24E44F5C12EC06AE00F08B7E /* List */,
				24E44F5D12EC06BF00F08B7E /* Map */,
				24E44F5E12EC06D000F08B7E /* Calendar */,
			);
			name = Tasks;
			sourceTree = "<group>";
		};
		2489CAC512BE185400C1A58A /* Cells */ = {
			isa = PBXGroup;
			children = (
				243A3D5912E46A4F00A6D402 /* GroupsCell.h */,
				243A3D5A12E46A4F00A6D402 /* GroupsCell.m */,
				243A3D9F12E4748B00A6D402 /* CellBackgroundView.h */,
				243A3DA012E4748B00A6D402 /* CellBackgroundView.m */,
				2448D18E12E83B14005EEEDA /* TaskEditCell.h */,
				2448D18F12E83B14005EEEDA /* TaskEditCell.m */,
				24E44A1212EBB58500F08B7E /* TasksInfoCell.h */,
				24E44A1312EBB58500F08B7E /* TasksInfoCell.m */,
				245673C712EFB1EE0004189D /* SettingsCell.h */,
				245673C812EFB1EE0004189D /* SettingsCell.m */,
				245680FD12F072730004189D /* TasksCalendarCell.h */,
				245680FE12F072730004189D /* TasksCalendarCell.m */,
			);
			name = Cells;
			sourceTree = "<group>";
		};
		248F21E51353CA2F00D9475C /* Tasks Scroll Container */ = {
			isa = PBXGroup;
			children = (
				248F21F11353CBBD00D9475C /* ForwardTouchesView.h */,
				248F21F21353CBBD00D9475C /* ForwardTouchesView.m */,
				248F21E61353CB2C00D9475C /* TasksScrollContainerViewController.h */,
				248F21E71353CB2C00D9475C /* TasksScrollContainerViewController.m */,
				248F21F41353D05B00D9475C /* TasksScrollContainerView.xib */,
			);
			name = "Tasks Scroll Container";
			sourceTree = "<group>";
		};
		24ADA8C412C84C97000BE62C /* Edition */ = {
			isa = PBXGroup;
			children = (
				2448D18712E83402005EEEDA /* TaskEditDataSource.h */,
				2448D18812E83402005EEEDA /* TaskEditDataSource.m */,
				2448D18412E82D93005EEEDA /* TaskEditViewController.h */,
				2448D18512E82D93005EEEDA /* TaskEditViewController.m */,
				2448D1D712E856CA005EEEDA /* TaskEditView.xib */,
				2448D92712E9548E005EEEDA /* Location */,
				2448D92612E95485005EEEDA /* Contact */,
				2448D55312E8B2DF005EEEDA /* Date */,
			);
			name = Edition;
			sourceTree = "<group>";
		};
		24E4496712EBA52600F08B7E /* Info */ = {
			isa = PBXGroup;
			children = (
				24E4496812EBA54900F08B7E /* TasksUpdatedDataSource.h */,
				24E4496912EBA54900F08B7E /* TasksUpdatedDataSource.m */,
				24E4496B12EBA56600F08B7E /* InfoViewController.h */,
				24E4496C12EBA56600F08B7E /* InfoViewController.m */,
				24E4497012EBA5A400F08B7E /* InfoView.xib */,
			);
			name = Info;
			sourceTree = "<group>";
		};
		24E44BF812EBD5D800F08B7E /* Task */ = {
			isa = PBXGroup;
			children = (
				24E44C2212EBDAF500F08B7E /* CTXDOSegmentControl.h */,
				24E44C2312EBDAF500F08B7E /* CTXDOSegmentControl.m */,
				249113CF12EC4D4B009191BA /* CTXDONavigationArrowsControl.h */,
				249113D012EC4D4B009191BA /* CTXDONavigationArrowsControl.m */,
				24E44BFA12EBD6C500F08B7E /* TaskContainerViewController.h */,
				24E44BFB12EBD6C500F08B7E /* TaskContainerViewController.m */,
				24E44C0C12EBD8F700F08B7E /* TaskContainerView.xib */,
				24E44FEB12EC122200F08B7E /* Details */,
				24E44F9912EC0D9300F08B7E /* Direction */,
				24E44F6512EC06F200F08B7E /* Reschedule */,
				24ADA8C412C84C97000BE62C /* Edition */,
			);
			name = Task;
			sourceTree = "<group>";
		};
		24E44F5C12EC06AE00F08B7E /* List */ = {
			isa = PBXGroup;
			children = (
				2489CAA212BE10E300C1A58A /* TasksDataSource.h */,
				2489CAA312BE10E300C1A58A /* TasksDataSource.m */,
				2489CAD912BE1D5E00C1A58A /* TasksViewController.h */,
				2489CADA12BE1D5E00C1A58A /* TasksViewController.m */,
				2489CADC12BE1D6700C1A58A /* TasksView.xib */,
			);
			name = List;
			sourceTree = "<group>";
		};
		24E44F5D12EC06BF00F08B7E /* Map */ = {
			isa = PBXGroup;
			children = (
				2491211E12EDC638009191BA /* TasksMapViewController.h */,
				2491211F12EDC638009191BA /* TasksMapViewController.m */,
				2491212112EDC725009191BA /* TasksMapView.xib */,
			);
			name = Map;
			sourceTree = "<group>";
		};
		24E44F5E12EC06D000F08B7E /* Calendar */ = {
			isa = PBXGroup;
			children = (
				2491256112EE490D009191BA /* TasksCalendarDataSource.h */,
				2491256212EE490D009191BA /* TasksCalendarDataSource.m */,
				249121E212EDD957009191BA /* TasksCalendarViewController.h */,
				249121E312EDD957009191BA /* TasksCalendarViewController.m */,
			);
			name = Calendar;
			sourceTree = "<group>";
		};
		24E44F6512EC06F200F08B7E /* Reschedule */ = {
			isa = PBXGroup;
			children = (
				24E44F6612EC09C400F08B7E /* TaskScheduleViewController.h */,
				24E44F6712EC09C400F08B7E /* TaskScheduleViewController.m */,
				24E44F6912EC09D200F08B7E /* TaskScheduleView.xib */,
			);
			name = Reschedule;
			sourceTree = "<group>";
		};
		24E44F9912EC0D9300F08B7E /* Direction */ = {
			isa = PBXGroup;
			children = (
				24E44F9A12EC0DB100F08B7E /* TaskDirectionViewController.h */,
				24E44F9B12EC0DB100F08B7E /* TaskDirectionViewController.m */,
				24E44FD212EC0F2A00F08B7E /* TaskDirectionsView.xib */,
			);
			name = Direction;
			sourceTree = "<group>";
		};
		24E44FC912EC0E5700F08B7E /* Annotations */ = {
			isa = PBXGroup;
			children = (
				24E44FB012EC0E5300F08B7E /* TaskAnnotation.h */,
				24E44FB112EC0E5300F08B7E /* TaskAnnotation.m */,
			);
			name = Annotations;
			sourceTree = "<group>";
		};
		24E44FEB12EC122200F08B7E /* Details */ = {
			isa = PBXGroup;
			children = (
				2491273812EE647B009191BA /* TaskDetailsView.h */,
				2491273912EE647B009191BA /* TaskDetailsView.m */,
				24E44FEC12EC125A00F08B7E /* TaskDetailsViewController.h */,
				24E44FED12EC125A00F08B7E /* TaskDetailsViewController.m */,
				24E4500412EC138E00F08B7E /* TaskDetailsView.xib */,
			);
			name = Details;
			sourceTree = "<group>";
		};
		24E5BBE41389E2E4008D10A2 /* Utilities */ = {
			isa = PBXGroup;
			children = (
				24E5BBE51389E316008D10A2 /* NSString+Additions.h */,
				24E5BBE61389E316008D10A2 /* NSString+Additions.m */,
			);
			path = Utilities;
			sourceTree = "<group>";
		};
		29B97314FDCFA39411CA2CEA /* CustomTemplate */ = {
			isa = PBXGroup;
			children = (
				3A57FEDC11FFB24F00248D1D /* Source */,
				3A57FED411FFB24F00248D1D /* Resources */,
				29B97323FDCFA39411CA2CEA /* Frameworks */,
				19C28FACFE9D520D11CA2CBB /* Products */,
			);
			name = CustomTemplate;
			sourceTree = "<group>";
		};
		29B97323FDCFA39411CA2CEA /* Frameworks */ = {
			isa = PBXGroup;
			children = (
				24E5BBD61389D04E008D10A2 /* EventKit.framework */,
				24E5BBD71389D04E008D10A2 /* EventKitUI.framework */,
				246BA8261352BA960066AD19 /* CoreData.framework */,
				1DF5F4DF0D08C38300B7A737 /* UIKit.framework */,
				1D30AB110D05D00D00671497 /* Foundation.framework */,
				2481FFB012FF4873003EEAB6 /* MessageUI.framework */,
				2481FF9A12FF477F003EEAB6 /* MapKit.framework */,
			);
			name = Frameworks;
			sourceTree = "<group>";
		};
		3A034D43125D629A00F49FA6 /* Settings */ = {
			isa = PBXGroup;
			children = (
				2456752B12EFC9630004189D /* SettingsSliderView.h */,
				2456752C12EFC9630004189D /* SettingsSliderView.m */,
				245673D612EFB4F20004189D /* SettingsDataSource.h */,
				245673D712EFB4F20004189D /* SettingsDataSource.m */,
				3A034D49125D62DD00F49FA6 /* SettingsViewController.h */,
				3A034D4A125D62DD00F49FA6 /* SettingsViewController.m */,
				248921EC128EE27500DC9712 /* SettingsView.xib */,
			);
			name = Settings;
			sourceTree = "<group>";
		};
		3A57002D11FFB2AC00248D1D /* Other */ = {
			isa = PBXGroup;
			children = (
				3A57FFA311FFB24F00248D1D /* main.m */,
				3A57FFA511FFB24F00248D1D /* Prefix.pch */,
			);
			name = Other;
			path = Main;
			sourceTree = "<group>";
		};
		3A57FED411FFB24F00248D1D /* Resources */ = {
			isa = PBXGroup;
			children = (
				3A57FED811FFB24F00248D1D /* Images */,
				3A57FED511FFB24F00248D1D /* Info.plist */,
				3A035468125FFFBB00F49FA6 /* Entitlements.plist */,
				246BA8281352BED40066AD19 /* Database.xcdatamodeld */,
			);
			path = Resources;
			sourceTree = "<group>";
		};
		3A57FED811FFB24F00248D1D /* Images */ = {
			isa = PBXGroup;
			children = (
				24B04F421302A88E00F27215 /* Icon@2x.png */,
				24B04F431302A88E00F27215 /* Icon.png */,
				2426AC3612F9A1CF00969CBB /* iTunesArtwork */,
				2490FD9112E34D2300F56B39 /* titlebar.png */,
				2490FD9212E34D2300F56B39 /* titlebar@2x.png */,
				24E5BBE01389D44C008D10A2 /* ChatBar.png */,
				24E5BBE11389D44C008D10A2 /* CreateButton.png */,
			);
			path = Images;
			sourceTree = "<group>";
		};
		3A57FEDC11FFB24F00248D1D /* Source */ = {
			isa = PBXGroup;
			children = (
				242C910E12FD08ED00F557AA /* Kits */,
				3A57FFA011FFB24F00248D1D /* Main */,
				3A57002D11FFB2AC00248D1D /* Other */,
			);
			path = Source;
			sourceTree = "<group>";
		};
		3A57FFA011FFB24F00248D1D /* Main */ = {
			isa = PBXGroup;
			children = (
				3A57002C11FFB2A500248D1D /* Define.h */,
				243A35CF12E3DC4300A6D402 /* DefaultStyleSheet.h */,
				243A35CE12E3DC4300A6D402 /* DefaultStyleSheet.m */,
				3A57FFA111FFB24F00248D1D /* AppDelegate.h */,
				3A57FFA211FFB24F00248D1D /* AppDelegate.m */,
				248921D3128EE15E00DC9712 /* MainWindow.xib */,
				24E5BBE41389E2E4008D10A2 /* Utilities */,
				3A57FFA411FFB24F00248D1D /* Models */,
				3A57FFA611FFB24F00248D1D /* Services */,
				3A57FFA811FFB24F00248D1D /* Views */,
			);
			path = Main;
			sourceTree = "<group>";
		};
		3A57FFA411FFB24F00248D1D /* Models */ = {
			isa = PBXGroup;
			children = (
				246BA8301352C3820066AD19 /* Machine */,
				246BA8321352C3BC0066AD19 /* Task.h */,
				246BA8311352C3BC0066AD19 /* Task.m */,
				24E5BBEB1389F534008D10A2 /* Tag.h */,
				24E5BBEC1389F534008D10A2 /* Tag.m */,
				24E44FC912EC0E5700F08B7E /* Annotations */,
			);
			path = Models;
			sourceTree = "<group>";
		};
		3A57FFA611FFB24F00248D1D /* Services */ = {
			isa = PBXGroup;
			children = (
				246BA8221352B8080066AD19 /* Database */,
				2456726512EF50180004189D /* Notifications */,
			);
			path = Services;
			sourceTree = "<group>";
		};
		3A57FFA811FFB24F00248D1D /* Views */ = {
			isa = PBXGroup;
			children = (
				2456745B12EFBC030004189D /* UISliders */,
				243A46B012E573D000A6D402 /* UIButtons */,
				243A3C1E12E450DC00A6D402 /* Table header */,
				2489CAC512BE185400C1A58A /* Cells */,
				3A034D43125D629A00F49FA6 /* Settings */,
				24E4496712EBA52600F08B7E /* Info */,
				248F21E51353CA2F00D9475C /* Tasks Scroll Container */,
				2489CAA112BE102F00C1A58A /* Tasks */,
				24E44BF812EBD5D800F08B7E /* Task */,
			);
			path = Views;
			sourceTree = "<group>";
		};
/* End PBXGroup section */

/* Begin PBXNativeTarget section */
		1D6058900D05DD3D006BFB54 /* ContextDo */ = {
			isa = PBXNativeTarget;
			buildConfigurationList = 1D6058960D05DD3E006BFB54 /* Build configuration list for PBXNativeTarget "ContextDo" */;
			buildPhases = (
				1D60588D0D05DD3D006BFB54 /* Resources */,
				1D60588E0D05DD3D006BFB54 /* Sources */,
				1D60588F0D05DD3D006BFB54 /* Frameworks */,
			);
			buildRules = (
			);
			dependencies = (
				24A8078812FE99E600B89591 /* PBXTargetDependency */,
			);
			name = ContextDo;
			productName = Envision;
			productReference = 1D6058910D05DD3D006BFB54 /* ContextDo.app */;
			productType = "com.apple.product-type.application";
		};
/* End PBXNativeTarget section */

/* Begin PBXProject section */
		29B97313FDCFA39411CA2CEA /* Project object */ = {
			isa = PBXProject;
			buildConfigurationList = C01FCF4E08A954540054247B /* Build configuration list for PBXProject "ContextDo" */;
			compatibilityVersion = "Xcode 3.1";
			developmentRegion = English;
			hasScannedForEncodings = 1;
			knownRegions = (
				English,
				Japanese,
				French,
				German,
				en,
			);
			mainGroup = 29B97314FDCFA39411CA2CEA /* CustomTemplate */;
			projectDirPath = "";
			projectReferences = (
				{
					ProductGroup = 242C911012FD097B00F557AA /* Products */;
					ProjectRef = 242C910F12FD097B00F557AA /* KitDeps.xcodeproj */;
				},
			);
			projectRoot = "";
			targets = (
				1D6058900D05DD3D006BFB54 /* ContextDo */,
			);
		};
/* End PBXProject section */

/* Begin PBXReferenceProxy section */
		242C911A12FD097C00F557AA /* libKitDeps.a */ = {
			isa = PBXReferenceProxy;
			fileType = archive.ar;
			path = libKitDeps.a;
			remoteRef = 242C911912FD097C00F557AA /* PBXContainerItemProxy */;
			sourceTree = BUILT_PRODUCTS_DIR;
		};
/* End PBXReferenceProxy section */

/* Begin PBXResourcesBuildPhase section */
		1D60588D0D05DD3D006BFB54 /* Resources */ = {
			isa = PBXResourcesBuildPhase;
			buildActionMask = 2147483647;
			files = (
				3A035469125FFFBB00F49FA6 /* Entitlements.plist in Resources */,
				248921D4128EE15E00DC9712 /* MainWindow.xib in Resources */,
				248921ED128EE27500DC9712 /* SettingsView.xib in Resources */,
				2489CADD12BE1D6700C1A58A /* TasksView.xib in Resources */,
				2490FD9312E34D2300F56B39 /* titlebar.png in Resources */,
				2490FD9412E34D2300F56B39 /* titlebar@2x.png in Resources */,
				243A537412E677F200A6D402 /* TasksContainerView.xib in Resources */,
				2448D1D812E856CA005EEEDA /* TaskEditView.xib in Resources */,
				2448D55B12E8B32B005EEEDA /* TaskDatePickerView.xib in Resources */,
				2448D93B12E95999005EEEDA /* TaskContactView.xib in Resources */,
				2448DCAD12E9AB8C005EEEDA /* TaskLocationView.xib in Resources */,
				24E4497112EBA5A400F08B7E /* InfoView.xib in Resources */,
				24E44C0D12EBD8F700F08B7E /* TaskContainerView.xib in Resources */,
				24E44F6A12EC09D200F08B7E /* TaskScheduleView.xib in Resources */,
				24E44FD312EC0F2A00F08B7E /* TaskDirectionsView.xib in Resources */,
				24E4500512EC138E00F08B7E /* TaskDetailsView.xib in Resources */,
				2491212212EDC725009191BA /* TasksMapView.xib in Resources */,
				2426AC3712F9A1CF00969CBB /* iTunesArtwork in Resources */,
				242C911612FD097B00F557AA /* Kit.xcconfig in Resources */,
				24B04F441302A88E00F27215 /* Icon@2x.png in Resources */,
				24B04F451302A88E00F27215 /* Icon.png in Resources */,
				24000E42134C9185002C6601 /* blackArrow.png in Resources */,
				24000E43134C9185002C6601 /* blackArrow@2x.png in Resources */,
				24000E44134C9186002C6601 /* blueArrow.png in Resources */,
				24000E45134C9186002C6601 /* blueArrow@2x.png in Resources */,
				24000E46134C9186002C6601 /* grayArrow.png in Resources */,
				24000E47134C9187002C6601 /* grayArrow@2x.png in Resources */,
				24000E48134C9187002C6601 /* whiteArrow.png in Resources */,
				24000E49134C9188002C6601 /* whiteArrow@2x.png in Resources */,
				24000E4A134C9188002C6601 /* FBDialog.bundle in Resources */,
				24000E4C134C9189002C6601 /* BaseWebView.xib in Resources */,
				24000E4D134C9189002C6601 /* CustomNavigationController.xib in Resources */,
				24000E4E134C918A002C6601 /* signinBullet1.png in Resources */,
				24000E4F134C918A002C6601 /* signinBullet1@2x.png in Resources */,
				24000E50134C918A002C6601 /* signinBullet2.png in Resources */,
				24000E51134C918B002C6601 /* signinBullet2@2x.png in Resources */,
				24000E52134C918B002C6601 /* signinButtonBg.png in Resources */,
				24000E53134C918C002C6601 /* signinButtonBg@2x.png in Resources */,
				24000E54134C918C002C6601 /* signinHello.png in Resources */,
				24000E55134C918C002C6601 /* signinHello@2x.png in Resources */,
				24000E56134C918D002C6601 /* signinSeparator.png in Resources */,
				24000E57134C918D002C6601 /* TapkuLibrary.bundle in Resources */,
				248F21F51353D05C00D9475C /* TasksScrollContainerView.xib in Resources */,
				24E5BBE21389D44C008D10A2 /* ChatBar.png in Resources */,
				24E5BBE31389D44C008D10A2 /* CreateButton.png in Resources */,
			);
			runOnlyForDeploymentPostprocessing = 0;
		};
/* End PBXResourcesBuildPhase section */

/* Begin PBXSourcesBuildPhase section */
		1D60588E0D05DD3D006BFB54 /* Sources */ = {
			isa = PBXSourcesBuildPhase;
			buildActionMask = 2147483647;
			files = (
				3A57000F11FFB24F00248D1D /* AppDelegate.m in Sources */,
				3A57001011FFB24F00248D1D /* main.m in Sources */,
				3A034D4B125D62DD00F49FA6 /* SettingsViewController.m in Sources */,
				2489CAA412BE10E300C1A58A /* TasksDataSource.m in Sources */,
				2489CADB12BE1D5E00C1A58A /* TasksViewController.m in Sources */,
				243A35D012E3DC4300A6D402 /* DefaultStyleSheet.m in Sources */,
				243A3C2112E4511500A6D402 /* CTXDOTableHeaderView.m in Sources */,
				243A3D5B12E46A4F00A6D402 /* GroupsCell.m in Sources */,
				243A3DA112E4748B00A6D402 /* CellBackgroundView.m in Sources */,
				243A46AF12E573C100A6D402 /* CTXDOLoginButton.m in Sources */,
				243A536E12E676B700A6D402 /* TasksContainerViewController.m in Sources */,
				2448D18612E82D93005EEEDA /* TaskEditViewController.m in Sources */,
				2448D18912E83402005EEEDA /* TaskEditDataSource.m in Sources */,
				2448D19012E83B14005EEEDA /* TaskEditCell.m in Sources */,
				2448D55912E8B30D005EEEDA /* TaskDatePickerViewController.m in Sources */,
				2448D55F12E8B756005EEEDA /* TaskDatePickerDataSource.m in Sources */,
				2448D92A12E954E5005EEEDA /* TaskContactViewController.m in Sources */,
				2448DA5712E96A35005EEEDA /* TaskContactDataSource.m in Sources */,
				2448DCA812E9AB64005EEEDA /* TaskLocationViewController.m in Sources */,
				2448DCAB12E9AB77005EEEDA /* TaskLocationDataSource.m in Sources */,
				24E4496A12EBA54900F08B7E /* TasksUpdatedDataSource.m in Sources */,
				24E4496D12EBA56600F08B7E /* InfoViewController.m in Sources */,
				24E44A1412EBB58500F08B7E /* TasksInfoCell.m in Sources */,
				24E44BFC12EBD6C500F08B7E /* TaskContainerViewController.m in Sources */,
				24E44C2412EBDAF500F08B7E /* CTXDOSegmentControl.m in Sources */,
				24E44F6812EC09C400F08B7E /* TaskScheduleViewController.m in Sources */,
				24E44F9C12EC0DB100F08B7E /* TaskDirectionViewController.m in Sources */,
				24E44FB212EC0E5300F08B7E /* TaskAnnotation.m in Sources */,
				24E44FEE12EC125A00F08B7E /* TaskDetailsViewController.m in Sources */,
				249113D112EC4D4B009191BA /* CTXDONavigationArrowsControl.m in Sources */,
				2491212012EDC638009191BA /* TasksMapViewController.m in Sources */,
				249121E412EDD957009191BA /* TasksCalendarViewController.m in Sources */,
				2491256312EE490D009191BA /* TasksCalendarDataSource.m in Sources */,
				2491273A12EE647B009191BA /* TaskDetailsView.m in Sources */,
				2456726812EF50450004189D /* CTXDONotificationsServices.m in Sources */,
				245673C912EFB1EE0004189D /* SettingsCell.m in Sources */,
				245673D812EFB4F20004189D /* SettingsDataSource.m in Sources */,
				2456745E12EFBC570004189D /* CTXDOButton.m in Sources */,
				245674D312EFC3F40004189D /* CTXDoSlider.m in Sources */,
				2456752D12EFC9630004189D /* SettingsSliderView.m in Sources */,
				245680FF12F072730004189D /* TasksCalendarCell.m in Sources */,
				24FA42F71302F7BD001B1972 /* CTXDOBlueButton.m in Sources */,
				246BA8251352B82E0066AD19 /* DatabaseServices.m in Sources */,
				246BA82A1352BED50066AD19 /* Database.xcdatamodeld in Sources */,
				246BA82F1352C37E0066AD19 /* _Task.m in Sources */,
				246BA8331352C3BD0066AD19 /* Task.m in Sources */,
				248F21E81353CB2C00D9475C /* TasksScrollContainerViewController.m in Sources */,
				248F21F31353CBBD00D9475C /* ForwardTouchesView.m in Sources */,
				24E5BBE71389E316008D10A2 /* NSString+Additions.m in Sources */,
				24E5BBED1389F534008D10A2 /* _Tag.m in Sources */,
				24E5BBEE1389F534008D10A2 /* Tag.m in Sources */,
			);
			runOnlyForDeploymentPostprocessing = 0;
		};
/* End PBXSourcesBuildPhase section */

/* Begin PBXTargetDependency section */
		24A8078812FE99E600B89591 /* PBXTargetDependency */ = {
			isa = PBXTargetDependency;
			name = KitDeps;
			targetProxy = 24A8078712FE99E600B89591 /* PBXContainerItemProxy */;
		};
/* End PBXTargetDependency section */

/* Begin XCBuildConfiguration section */
		1D6058940D05DD3E006BFB54 /* Debug */ = {
			isa = XCBuildConfiguration;
			buildSettings = {
				ALWAYS_SEARCH_USER_PATHS = NO;
				COPY_PHASE_STRIP = NO;
				FRAMEWORK_SEARCH_PATHS = "$(inherited)";
				GCC_DYNAMIC_NO_PIC = NO;
				GCC_PRECOMPILE_PREFIX_HEADER = YES;
				GCC_PREFIX_HEADER = "$(SRCROOT)/Source/Main/Prefix.pch";
				GCC_TREAT_WARNINGS_AS_ERRORS = YES;
				GCC_VERSION = com.apple.compilers.llvm.clang.1_0;
				INFOPLIST_FILE = "$(SRCROOT)/Resources/Info.plist";
				OTHER_CFLAGS = "-DDEBUG";
				PRODUCT_NAME = ContextDo;
				TARGETED_DEVICE_FAMILY = 1;
			};
			name = Debug;
		};
		1D6058950D05DD3E006BFB54 /* Release */ = {
			isa = XCBuildConfiguration;
			buildSettings = {
				ALWAYS_SEARCH_USER_PATHS = NO;
				COPY_PHASE_STRIP = YES;
				FRAMEWORK_SEARCH_PATHS = "$(inherited)";
				GCC_PRECOMPILE_PREFIX_HEADER = YES;
				GCC_PREFIX_HEADER = "$(SRCROOT)/Source/Main/Prefix.pch";
				GCC_TREAT_WARNINGS_AS_ERRORS = YES;
				GCC_VERSION = com.apple.compilers.llvm.clang.1_0;
				INFOPLIST_FILE = "$(SRCROOT)/Resources/Info.plist";
				PRODUCT_NAME = ContextDo;
				TARGETED_DEVICE_FAMILY = 1;
				VALIDATE_PRODUCT = YES;
			};
			name = Release;
		};
		C01FCF4F08A954540054247B /* Debug */ = {
			isa = XCBuildConfiguration;
			baseConfigurationReference = 242C911212FD097B00F557AA /* Kit.xcconfig */;
			buildSettings = {
				ARCHS = "$(ARCHS_STANDARD_32_BIT)";
				"CODE_SIGN_IDENTITY[sdk=iphoneos*]" = "iPhone Developer";
				GCC_C_LANGUAGE_STANDARD = c99;
				GCC_OPTIMIZATION_LEVEL = 0;
				GCC_TREAT_WARNINGS_AS_ERRORS = YES;
				GCC_VERSION = com.apple.compilers.llvmgcc42;
				GCC_WARN_ABOUT_RETURN_TYPE = YES;
				GCC_WARN_UNUSED_VARIABLE = YES;
				IPHONEOS_DEPLOYMENT_TARGET = 4.0;
				PREBINDING = NO;
				"PROVISIONING_PROFILE[sdk=iphoneos*]" = "";
				SDKROOT = iphoneos;
			};
			name = Debug;
		};
		C01FCF5008A954540054247B /* Release */ = {
			isa = XCBuildConfiguration;
			baseConfigurationReference = 242C911212FD097B00F557AA /* Kit.xcconfig */;
			buildSettings = {
				ARCHS = "$(ARCHS_STANDARD_32_BIT)";
				"CODE_SIGN_IDENTITY[sdk=iphoneos*]" = "iPhone Developer: QUT Mobile Dev (25BQ2GV5FN)";
				GCC_C_LANGUAGE_STANDARD = c99;
				GCC_OPTIMIZATION_LEVEL = s;
				GCC_TREAT_WARNINGS_AS_ERRORS = YES;
				GCC_VERSION = com.apple.compilers.llvmgcc42;
				GCC_WARN_ABOUT_RETURN_TYPE = YES;
				GCC_WARN_UNUSED_VARIABLE = YES;
				IPHONEOS_DEPLOYMENT_TARGET = 4.0;
				OTHER_CFLAGS = "-DNS_BLOCK_ASSERTIONS=1";
				PREBINDING = NO;
				"PROVISIONING_PROFILE[sdk=iphoneos*]" = "BDC43187-5913-4445-BA27-7D56E421FD03";
				SDKROOT = iphoneos;
			};
			name = Release;
		};
/* End XCBuildConfiguration section */

/* Begin XCConfigurationList section */
		1D6058960D05DD3E006BFB54 /* Build configuration list for PBXNativeTarget "ContextDo" */ = {
			isa = XCConfigurationList;
			buildConfigurations = (
				1D6058940D05DD3E006BFB54 /* Debug */,
				1D6058950D05DD3E006BFB54 /* Release */,
			);
			defaultConfigurationIsVisible = 0;
			defaultConfigurationName = Release;
		};
		C01FCF4E08A954540054247B /* Build configuration list for PBXProject "ContextDo" */ = {
			isa = XCConfigurationList;
			buildConfigurations = (
				C01FCF4F08A954540054247B /* Debug */,
				C01FCF5008A954540054247B /* Release */,
			);
			defaultConfigurationIsVisible = 0;
			defaultConfigurationName = Release;
		};
/* End XCConfigurationList section */

/* Begin XCVersionGroup section */
		246BA8281352BED40066AD19 /* Database.xcdatamodeld */ = {
			isa = XCVersionGroup;
			children = (
				24E5BBE81389F20A008D10A2 /* Database02.xcdatamodel */,
				246BA8291352BED50066AD19 /* Database01.xcdatamodel */,
			);
			currentVersion = 24E5BBE81389F20A008D10A2 /* Database02.xcdatamodel */;
			path = Database.xcdatamodeld;
			sourceTree = "<group>";
			versionGroupType = wrapper.xcdatamodel;
		};
/* End XCVersionGroup section */
	};
	rootObject = 29B97313FDCFA39411CA2CEA /* Project object */;
}
